# This is a Gradle generated file for dependency locking.
# Manual edits can break the build and are not advised.
# This file is expected to be part of source control.
antlr:antlr:2.7.7
aopalliance:aopalliance:1.0
ch.qos.logback:logback-classic:1.1.11
ch.qos.logback:logback-core:1.1.11
com.amazonaws:aws-java-sdk-cloudwatch:1.11.641
com.amazonaws:aws-java-sdk-core:1.11.641
com.amazonaws:jmespath-java:1.11.641
com.fasterxml.jackson.core:jackson-annotations:2.8.0
com.fasterxml.jackson.core:jackson-core:2.8.11
com.fasterxml.jackson.core:jackson-databind:2.8.11.2
com.fasterxml.jackson.dataformat:jackson-dataformat-cbor:2.8.11
com.fasterxml.jackson.dataformat:jackson-dataformat-smile:2.8.11
com.fasterxml.jackson.jaxrs:jackson-jaxrs-base:2.8.11
com.fasterxml.jackson.jaxrs:jackson-jaxrs-json-provider:2.8.11
com.fasterxml.jackson.module:jackson-module-jaxb-annotations:2.8.11
com.fasterxml:classmate:1.3.4
com.flipkart.zjsonpatch:zjsonpatch:0.4.4
com.github.ben-manes.caffeine:caffeine:2.3.5
com.github.jknack:handlebars-helpers:4.0.7
com.github.jknack:handlebars:4.0.7
com.github.tomakehurst:wiremock:2.25.0
com.google.android:annotations:4.1.1.4
com.google.api.grpc:proto-google-cloud-monitoring-v3:1.75.0
com.google.api.grpc:proto-google-common-protos:1.16.0
com.google.api.grpc:proto-google-iam-v1:0.12.0
com.google.api:api-common:1.8.1
com.google.api:gax-grpc:1.48.1
com.google.api:gax:1.48.1
com.google.auth:google-auth-library-credentials:0.17.1
com.google.auth:google-auth-library-oauth2-http:0.17.1
com.google.auto.value:auto-value-annotations:1.6.6
com.google.cloud:google-cloud-core-grpc:1.90.0
com.google.cloud:google-cloud-core:1.90.0
com.google.cloud:google-cloud-monitoring:1.93.0
com.google.code.findbugs:jsr305:3.0.2
com.google.code.gson:gson:2.8.5
com.google.errorprone:error_prone_annotations:2.3.2
com.google.guava:failureaccess:1.0.1
com.google.guava:guava:28.1-jre
com.google.guava:listenablefuture:9999.0-empty-to-avoid-conflict-with-guava
com.google.http-client:google-http-client-jackson2:1.31.0
com.google.http-client:google-http-client:1.31.0
com.google.j2objc:j2objc-annotations:1.3
com.google.protobuf:protobuf-java-util:3.9.1
com.google.protobuf:protobuf-java:3.10.0
com.hazelcast:hazelcast-spring:3.7.8
com.hazelcast:hazelcast:3.7.8
com.jayway.jsonpath:json-path:2.2.0
com.microsoft.azure:applicationinsights-core:2.5.0
com.netflix.archaius:archaius-core:0.4.1
com.netflix.hystrix:hystrix-core:1.5.12
com.netflix.spectator:spectator-api:0.96.0
com.netflix.spectator:spectator-ext-ipc:0.96.0
com.netflix.spectator:spectator-reg-atlas:0.96.0
com.signalfx.public:signalfx-java:0.2.0
com.squareup.okhttp3:okhttp:3.14.7
com.squareup.okio:okio:1.17.2
com.typesafe.netty:netty-reactive-streams-http:2.0.3
com.typesafe.netty:netty-reactive-streams:2.0.3
com.vaadin.external.google:android-json:0.0.20131108.vaadin1
com.wavefront:wavefront-sdk-java:1.13
com.zaxxer:HikariCP:2.5.1
commons-codec:commons-codec:1.10
commons-configuration:commons-configuration:1.8
commons-fileupload:commons-fileupload:1.4
commons-io:commons-io:2.2
commons-lang:commons-lang:2.6
commons-logging:commons-logging:1.2
dom4j:dom4j:1.6.1
info.ganglia.gmetric4j:gmetric4j:1.0.10
io.dropwizard.metrics:metrics-core:3.1.5
io.dropwizard.metrics:metrics-graphite:3.1.5
io.dropwizard.metrics:metrics-jmx:4.0.6
io.github.resilience4j:resilience4j-core:1.1.0
io.github.resilience4j:resilience4j-retry:1.1.0
io.grpc:grpc-alts:1.23.0
io.grpc:grpc-api:1.23.0
io.grpc:grpc-auth:1.23.0
io.grpc:grpc-context:1.23.0
io.grpc:grpc-core:1.23.0
io.grpc:grpc-grpclb:1.23.0
io.grpc:grpc-netty-shaded:1.23.0
io.grpc:grpc-protobuf-lite:1.23.0
io.grpc:grpc-protobuf:1.23.0
io.grpc:grpc-stub:1.23.0
io.netty:netty-buffer:4.1.41.Final
io.netty:netty-codec-http2:4.1.41.Final
io.netty:netty-codec-http:4.1.41.Final
io.netty:netty-codec-socks:4.1.34.Final
io.netty:netty-codec:4.1.41.Final
io.netty:netty-common:4.1.41.Final
io.netty:netty-handler-proxy:4.1.34.Final
io.netty:netty-handler:4.1.41.Final
io.netty:netty-resolver:4.1.41.Final
io.netty:netty-transport-native-epoll:4.1.41.Final
io.netty:netty-transport-native-unix-common:4.1.41.Final
io.netty:netty-transport:4.1.41.Final
io.opencensus:opencensus-api:0.23.0
io.opencensus:opencensus-contrib-grpc-metrics:0.21.0
io.opencensus:opencensus-contrib-http-util:0.21.0
io.perfmark:perfmark-api:0.17.0
io.projectreactor.netty:reactor-netty:0.8.6.RELEASE
io.projectreactor:reactor-core:3.1.4.RELEASE
io.prometheus:simpleclient:0.7.0
io.prometheus:simpleclient_common:0.7.0
io.prometheus:simpleclient_pushgateway:0.7.0
io.reactivex:rxjava:1.2.0
io.vavr:vavr-match:0.10.0
io.vavr:vavr:0.10.0
jakarta.annotation:jakarta.annotation-api:1.3.4
javax.annotation:javax.annotation-api:1.3.2
javax.cache:cache-api:1.0.0
javax.inject:javax.inject:1
javax.servlet:javax.servlet-api:3.1.0
javax.validation:validation-api:1.1.0.Final
javax.ws.rs:javax.ws.rs-api:2.0.1
joda-time:joda-time:2.9.9
junit:junit:4.12
net.minidev:accessors-smart:1.1
net.minidev:json-smart:2.2.1
net.sf.ehcache:ehcache:2.10.5
net.sf.jopt-simple:jopt-simple:5.0.3
org.acplt.remotetea:remotetea-oncrpc:1.1.2
org.antlr:antlr4-runtime:4.7.1
org.apache.commons:commons-lang3:3.9
org.apache.commons:commons-text:1.8
org.apache.geronimo.specs:geronimo-jta_1.1_spec:1.1.1
org.apache.httpcomponents:httpclient:4.5.6
org.apache.httpcomponents:httpcore:4.4.10
org.apache.logging.log4j:log4j-api:2.7
org.apache.logging.log4j:log4j-core:2.7
org.apache.maven.resolver:maven-resolver-api:1.1.1
org.apache.maven.resolver:maven-resolver-connector-basic:1.1.1
org.apache.maven.resolver:maven-resolver-impl:1.1.1
org.apache.maven.resolver:maven-resolver-spi:1.1.1
org.apache.maven.resolver:maven-resolver-transport-http:1.1.1
org.apache.maven.resolver:maven-resolver-util:1.1.1
org.apache.maven:maven-artifact:3.5.4
org.apache.maven:maven-builder-support:3.5.4
org.apache.maven:maven-model-builder:3.5.4
org.apache.maven:maven-model:3.5.4
org.apache.maven:maven-repository-metadata:3.5.4
org.apache.maven:maven-resolver-provider:3.5.4
org.apache.tomcat.embed:tomcat-embed-core:8.5.34
org.apache.tomcat.embed:tomcat-embed-el:8.5.34
org.apache.tomcat.embed:tomcat-embed-websocket:8.5.34
org.apache.tomcat:tomcat-annotations-api:8.5.34
org.apache.tomcat:tomcat-jdbc:8.5.34
org.apache.tomcat:tomcat-juli:8.5.34
org.apiguardian:apiguardian-api:1.1.0
org.aspectj:aspectjweaver:1.8.13
org.assertj:assertj-core:3.8.0
org.checkerframework:checker-qual:2.8.1
org.codehaus.mojo:animal-sniffer-annotations:1.18
org.codehaus.plexus:plexus-component-annotations:1.7.1
org.codehaus.plexus:plexus-interpolation:1.24
org.codehaus.plexus:plexus-utils:3.1.0
org.eclipse.jetty:jetty-continuation:9.4.12.v20180830
org.eclipse.jetty:jetty-http:9.4.12.v20180830
org.eclipse.jetty:jetty-io:9.4.12.v20180830
org.eclipse.jetty:jetty-security:9.4.12.v20180830
org.eclipse.jetty:jetty-server:9.4.12.v20180830
org.eclipse.jetty:jetty-servlet:9.4.12.v20180830
org.eclipse.jetty:jetty-servlets:9.4.12.v20180830
org.eclipse.jetty:jetty-util:9.4.12.v20180830
org.eclipse.jetty:jetty-webapp:9.4.12.v20180830
org.eclipse.jetty:jetty-xml:9.4.12.v20180830
org.glassfish.hk2.external:aopalliance-repackaged:2.6.1
org.glassfish.hk2.external:asm-all-repackaged:2.5.0-b32
org.glassfish.hk2.external:jakarta.inject:2.6.1
org.glassfish.hk2.external:javax.inject:2.5.0-b32
org.glassfish.hk2:class-model:2.5.0-b32
org.glassfish.hk2:config-types:2.5.0-b32
org.glassfish.hk2:hk2-api:2.6.1
org.glassfish.hk2:hk2-config:2.5.0-b32
org.glassfish.hk2:hk2-core:2.5.0-b32
org.glassfish.hk2:hk2-locator:2.6.1
org.glassfish.hk2:hk2-runlevel:2.5.0-b32
org.glassfish.hk2:hk2-utils:2.6.1
org.glassfish.hk2:hk2:2.5.0-b32
org.glassfish.hk2:osgi-resource-locator:1.0.1
org.glassfish.hk2:spring-bridge:2.5.0-b32
org.glassfish.jersey.bundles.repackaged:jersey-guava:2.25.1
org.glassfish.jersey.containers:jersey-container-servlet-core:2.25.1
org.glassfish.jersey.containers:jersey-container-servlet:2.25.1
org.glassfish.jersey.core:jersey-client:2.25.1
org.glassfish.jersey.core:jersey-common:2.25.1
org.glassfish.jersey.core:jersey-server:2.25.1
org.glassfish.jersey.ext:jersey-bean-validation:2.25.1
org.glassfish.jersey.ext:jersey-entity-filtering:2.25.1
org.glassfish.jersey.ext:jersey-spring3:2.25.1
org.glassfish.jersey.inject:jersey-hk2:2.29.1
org.glassfish.jersey.media:jersey-media-jaxb:2.25.1
org.glassfish.jersey.media:jersey-media-json-jackson:2.25.1
org.hamcrest:hamcrest-core:1.3
org.hamcrest:hamcrest-library:1.3
org.hdrhistogram:HdrHistogram:2.1.11
org.hibernate.common:hibernate-commons-annotations:5.0.1.Final
org.hibernate.javax.persistence:hibernate-jpa-2.1-api:1.0.0.Final
org.hibernate:hibernate-core:5.0.12.Final
org.hibernate:hibernate-entitymanager:5.0.12.Final
org.hibernate:hibernate-validator:5.3.6.Final
org.hsqldb:hsqldb:2.3.6
org.javassist:javassist:3.21.0-GA
org.jboss.logging:jboss-logging:3.3.2.Final
org.jboss:jandex:2.0.0.Final
org.junit.jupiter:junit-jupiter-api:5.7.1
org.junit.jupiter:junit-jupiter-engine:5.7.1
org.junit.jupiter:junit-jupiter-params:5.7.1
org.junit.jupiter:junit-jupiter:5.7.1
org.junit.platform:junit-platform-commons:1.7.1
org.junit.platform:junit-platform-engine:1.7.1
org.latencyutils:LatencyUtils:2.0.3
org.mockito:mockito-core:1.10.19
org.mongodb:mongo-java-driver:3.4.3
org.objenesis:objenesis:2.1
org.opentest4j:opentest4j:1.2.0
org.ow2.asm:asm:7.0
org.pcollections:pcollections:3.1.0
org.reactivestreams:reactive-streams:1.0.2
org.skyscreamer:jsonassert:1.4.0
org.slf4j:jcl-over-slf4j:1.7.25
org.slf4j:jul-to-slf4j:1.7.25
org.slf4j:log4j-over-slf4j:1.7.25
org.slf4j:slf4j-api:1.7.25
org.springframework.boot:spring-boot-actuator:1.5.17.RELEASE
org.springframework.boot:spring-boot-autoconfigure:1.5.17.RELEASE
org.springframework.boot:spring-boot-starter-aop:1.5.17.RELEASE
org.springframework.boot:spring-boot-starter-cache:1.5.17.RELEASE
org.springframework.boot:spring-boot-starter-jdbc:1.5.17.RELEASE
org.springframework.boot:spring-boot-starter-jersey:1.5.17.RELEASE
org.springframework.boot:spring-boot-starter-logging:1.5.17.RELEASE
org.springframework.boot:spring-boot-starter-security:1.5.17.RELEASE
org.springframework.boot:spring-boot-starter-test:1.5.17.RELEASE
org.springframework.boot:spring-boot-starter-tomcat:1.5.17.RELEASE
org.springframework.boot:spring-boot-starter-validation:1.5.17.RELEASE
org.springframework.boot:spring-boot-starter-web:1.5.17.RELEASE
org.springframework.boot:spring-boot-starter:1.5.17.RELEASE
org.springframework.boot:spring-boot-test-autoconfigure:1.5.17.RELEASE
org.springframework.boot:spring-boot-test:1.5.17.RELEASE
org.springframework.boot:spring-boot:1.5.17.RELEASE
org.springframework.cloud:spring-cloud-test-support:2.2.0.M2
org.springframework.integration:spring-integration-core:4.3.17.RELEASE
org.springframework.integration:spring-integration-java-dsl:1.2.3.RELEASE
org.springframework.integration:spring-integration-ws:4.3.17.RELEASE
org.springframework.integration:spring-integration-xml:4.3.17.RELEASE
org.springframework.retry:spring-retry:1.2.2.RELEASE
org.springframework.security:spring-security-config:4.2.9.RELEASE
org.springframework.security:spring-security-core:4.2.9.RELEASE
org.springframework.security:spring-security-test:4.2.9.RELEASE
org.springframework.security:spring-security-web:4.2.9.RELEASE
org.springframework.ws:spring-ws-core:2.4.3.RELEASE
org.springframework.ws:spring-xml:2.4.3.RELEASE
org.springframework:spring-aop:4.3.20.RELEASE
org.springframework:spring-beans:4.3.20.RELEASE
org.springframework:spring-context-support:4.3.20.RELEASE
org.springframework:spring-context:4.3.20.RELEASE
org.springframework:spring-core:4.3.20.RELEASE
org.springframework:spring-expression:4.3.20.RELEASE
org.springframework:spring-jdbc:4.3.20.RELEASE
org.springframework:spring-messaging:4.3.20.RELEASE
org.springframework:spring-oxm:4.3.20.RELEASE
org.springframework:spring-test:4.3.20.RELEASE
org.springframework:spring-tx:4.3.20.RELEASE
org.springframework:spring-web:4.3.20.RELEASE
org.springframework:spring-webmvc:4.3.20.RELEASE
org.threeten:threetenbp:1.3.3
org.xmlunit:xmlunit-core:2.6.2
org.xmlunit:xmlunit-legacy:2.6.2
org.xmlunit:xmlunit-placeholders:2.6.2
org.yaml:snakeyaml:1.17
ru.lanwen.wiremock:wiremock-junit5:1.3.1
software.amazon.awssdk:annotations:2.9.9
software.amazon.awssdk:apache-client:2.9.9
software.amazon.awssdk:auth:2.9.9
software.amazon.awssdk:aws-core:2.9.9
software.amazon.awssdk:aws-query-protocol:2.9.9
software.amazon.awssdk:cloudwatch:2.9.9
software.amazon.awssdk:http-client-spi:2.9.9
software.amazon.awssdk:netty-nio-client:2.9.9
software.amazon.awssdk:profiles:2.9.9
software.amazon.awssdk:protocol-core:2.9.9
software.amazon.awssdk:regions:2.9.9
software.amazon.awssdk:sdk-core:2.9.9
software.amazon.awssdk:utils:2.9.9
software.amazon.eventstream:eventstream:1.0.1
software.amazon.ion:ion-java:1.0.2
