# This is a Gradle generated file for dependency locking.
# Manual edits can break the build and are not advised.
# This file is expected to be part of source control.
antlr:antlr:2.7.7=nohttp
ch.qos.logback:logback-classic:1.2.12=compileClasspath
ch.qos.logback:logback-classic:1.2.3=checkstyle,nohttp,nohttp-cli
ch.qos.logback:logback-core:1.2.12=compileClasspath
ch.qos.logback:logback-core:1.2.3=checkstyle,nohttp,nohttp-cli
com.github.tomakehurst:wiremock-jre8-standalone:2.33.2=testCompileClasspath,testRuntimeClasspath
com.google.android:annotations:4.1.1.4=runtimeClasspath,testRuntimeClasspath
com.google.api.grpc:proto-google-cloud-monitoring-v3:3.2.10=compileClasspath,runtimeClasspath,testCompileClasspath,testRuntimeClasspath
com.google.api.grpc:proto-google-common-protos:2.8.4=compileClasspath,runtimeClasspath,testCompileClasspath,testRuntimeClasspath
com.google.api:api-common:2.1.5=compileClasspath,runtimeClasspath,testCompileClasspath,testRuntimeClasspath
com.google.api:gax-grpc:2.16.0=compileClasspath,runtimeClasspath,testCompileClasspath,testRuntimeClasspath
com.google.api:gax:2.16.0=compileClasspath,runtimeClasspath,testCompileClasspath,testRuntimeClasspath
com.google.auth:google-auth-library-credentials:1.6.0=compileClasspath,runtimeClasspath,testCompileClasspath,testRuntimeClasspath
com.google.auth:google-auth-library-oauth2-http:1.6.0=compileClasspath,runtimeClasspath,testCompileClasspath,testRuntimeClasspath
com.google.auto.value:auto-value-annotations:1.9=compileClasspath,runtimeClasspath,testCompileClasspath,testRuntimeClasspath
com.google.cloud:google-cloud-monitoring:3.2.10=compileClasspath,runtimeClasspath,testCompileClasspath,testRuntimeClasspath
com.google.code.findbugs:jsr305:3.0.2=checkstyle,compileClasspath,nohttp,runtimeClasspath,testCompileClasspath,testRuntimeClasspath
com.google.code.gson:gson:2.9.0=compileClasspath,runtimeClasspath,testCompileClasspath,testRuntimeClasspath
com.google.errorprone:error_prone_annotations:2.13.0=compileClasspath,runtimeClasspath,testCompileClasspath,testRuntimeClasspath
com.google.errorprone:error_prone_annotations:2.3.4=nohttp
com.google.errorprone:error_prone_annotations:2.7.1=checkstyle
com.google.guava:failureaccess:1.0.1=checkstyle,compileClasspath,nohttp,runtimeClasspath,testCompileClasspath,testRuntimeClasspath
com.google.guava:guava:29.0-jre=nohttp
com.google.guava:guava:31.0.1-jre=checkstyle
com.google.guava:guava:31.1-jre=compileClasspath,runtimeClasspath,testCompileClasspath,testRuntimeClasspath
com.google.guava:listenablefuture:9999.0-empty-to-avoid-conflict-with-guava=checkstyle,compileClasspath,nohttp,runtimeClasspath,testCompileClasspath,testRuntimeClasspath
com.google.http-client:google-http-client-gson:1.41.7=compileClasspath,runtimeClasspath,testCompileClasspath,testRuntimeClasspath
com.google.http-client:google-http-client:1.41.7=compileClasspath,runtimeClasspath,testCompileClasspath,testRuntimeClasspath
com.google.j2objc:j2objc-annotations:1.3=checkstyle,compileClasspath,nohttp,runtimeClasspath,testCompileClasspath,testRuntimeClasspath
com.google.protobuf:protobuf-java-util:3.19.6=runtimeClasspath,testRuntimeClasspath
com.google.protobuf:protobuf-java:3.19.6=compileClasspath,runtimeClasspath,testCompileClasspath,testRuntimeClasspath
com.google.re2j:re2j:1.5=runtimeClasspath,testRuntimeClasspath
com.puppycrawl.tools:checkstyle:8.33=nohttp
com.puppycrawl.tools:checkstyle:9.3=checkstyle
commons-beanutils:commons-beanutils:1.9.4=checkstyle,nohttp
commons-codec:commons-codec:1.15=compileClasspath,runtimeClasspath,testCompileClasspath,testRuntimeClasspath
commons-collections:commons-collections:3.2.2=checkstyle,nohttp
commons-logging:commons-logging:1.2=compileClasspath,nohttp,runtimeClasspath,testCompileClasspath,testRuntimeClasspath
info.picocli:picocli:3.9.5=nohttp-cli
info.picocli:picocli:4.3.1=nohttp
info.picocli:picocli:4.6.2=checkstyle
io.grpc:grpc-alts:1.45.2=runtimeClasspath,testRuntimeClasspath
io.grpc:grpc-api:1.45.2=compileClasspath,runtimeClasspath,testCompileClasspath,testRuntimeClasspath
io.grpc:grpc-auth:1.45.2=runtimeClasspath,testRuntimeClasspath
io.grpc:grpc-context:1.45.2=compileClasspath,runtimeClasspath,testCompileClasspath,testRuntimeClasspath
io.grpc:grpc-core:1.45.2=runtimeClasspath,testRuntimeClasspath
io.grpc:grpc-googleapis:1.45.2=runtimeClasspath,testRuntimeClasspath
io.grpc:grpc-grpclb:1.45.2=runtimeClasspath,testRuntimeClasspath
io.grpc:grpc-netty-shaded:1.45.2=runtimeClasspath,testRuntimeClasspath
io.grpc:grpc-protobuf-lite:1.45.2=compileClasspath,runtimeClasspath,testCompileClasspath,testRuntimeClasspath
io.grpc:grpc-protobuf:1.45.2=compileClasspath,runtimeClasspath,testCompileClasspath,testRuntimeClasspath
io.grpc:grpc-services:1.45.2=runtimeClasspath,testRuntimeClasspath
io.grpc:grpc-stub:1.45.2=compileClasspath,runtimeClasspath,testCompileClasspath,testRuntimeClasspath
io.grpc:grpc-xds:1.45.2=runtimeClasspath,testRuntimeClasspath
io.netty:netty-bom:4.1.97.Final=compileClasspath,runtimeClasspath,testCompileClasspath,testRuntimeClasspath
io.opencensus:opencensus-api:0.31.0=compileClasspath,runtimeClasspath,testCompileClasspath,testRuntimeClasspath
io.opencensus:opencensus-contrib-http-util:0.31.0=compileClasspath,runtimeClasspath,testCompileClasspath,testRuntimeClasspath
io.opencensus:opencensus-proto:0.2.0=runtimeClasspath,testRuntimeClasspath
io.perfmark:perfmark-api:0.23.0=runtimeClasspath,testRuntimeClasspath
io.projectreactor:reactor-bom:2020.0.35=compileClasspath,runtimeClasspath,testCompileClasspath,testRuntimeClasspath
io.spring.javaformat:spring-javaformat-checkstyle:0.0.39=checkstyle
io.spring.javaformat:spring-javaformat-config:0.0.39=checkstyle
io.spring.nohttp:nohttp-checkstyle:0.0.11=checkstyle,nohttp
io.spring.nohttp:nohttp-cli:0.0.11=nohttp-cli
io.spring.nohttp:nohttp:0.0.11=checkstyle,nohttp,nohttp-cli
javax.annotation:javax.annotation-api:1.3.2=compileClasspath,runtimeClasspath,testCompileClasspath,testRuntimeClasspath
net.bytebuddy:byte-buddy-agent:1.12.19=testCompileClasspath,testRuntimeClasspath
net.bytebuddy:byte-buddy:1.12.21=testCompileClasspath,testRuntimeClasspath
net.sf.saxon:Saxon-HE:10.6=checkstyle
net.sf.saxon:Saxon-HE:9.9.1-7=nohttp
org.antlr:antlr4-runtime:4.8-1=nohttp
org.antlr:antlr4-runtime:4.9.3=checkstyle
org.apache.httpcomponents:httpclient:4.5.13=compileClasspath,runtimeClasspath,testCompileClasspath,testRuntimeClasspath
org.apache.httpcomponents:httpcore:4.4.15=compileClasspath,runtimeClasspath,testCompileClasspath,testRuntimeClasspath
org.apiguardian:apiguardian-api:1.1.2=testCompileClasspath
org.assertj:assertj-core:3.24.2=testCompileClasspath,testRuntimeClasspath
org.awaitility:awaitility:4.2.0=testRuntimeClasspath
org.bouncycastle:bcpkix-jdk15on:1.67=runtimeClasspath,testRuntimeClasspath
org.bouncycastle:bcprov-jdk15on:1.67=runtimeClasspath,testRuntimeClasspath
org.checkerframework:checker-qual:2.11.1=nohttp
org.checkerframework:checker-qual:3.12.0=checkstyle
org.checkerframework:checker-qual:3.21.4=compileClasspath,runtimeClasspath,testCompileClasspath,testRuntimeClasspath
org.codehaus.mojo:animal-sniffer-annotations:1.21=runtimeClasspath,testRuntimeClasspath
org.conscrypt:conscrypt-openjdk-uber:2.5.1=runtimeClasspath,testRuntimeClasspath
org.hamcrest:hamcrest:2.1=testRuntimeClasspath
org.hdrhistogram:HdrHistogram:2.1.12=compileClasspath,runtimeClasspath,testCompileClasspath,testRuntimeClasspath
org.javassist:javassist:3.28.0-GA=checkstyle
org.junit.jupiter:junit-jupiter-api:5.9.3=testCompileClasspath,testRuntimeClasspath
org.junit.jupiter:junit-jupiter-engine:5.9.3=testRuntimeClasspath
org.junit.jupiter:junit-jupiter-params:5.9.3=testCompileClasspath,testRuntimeClasspath
org.junit.jupiter:junit-jupiter:5.9.3=testCompileClasspath,testRuntimeClasspath
org.junit.platform:junit-platform-commons:1.9.3=testCompileClasspath,testRuntimeClasspath
org.junit.platform:junit-platform-engine:1.9.3=testRuntimeClasspath
org.junit:junit-bom:5.9.3=testCompileClasspath,testRuntimeClasspath
org.latencyutils:LatencyUtils:2.0.3=runtimeClasspath,testRuntimeClasspath
org.mockito:mockito-core:4.11.0=testCompileClasspath,testRuntimeClasspath
org.objenesis:objenesis:3.3=testRuntimeClasspath
org.opentest4j:opentest4j:1.2.0=testCompileClasspath,testRuntimeClasspath
org.reflections:reflections:0.10.2=checkstyle
org.slf4j:slf4j-api:1.7.26=nohttp,nohttp-cli
org.slf4j:slf4j-api:1.7.36=compileClasspath,runtimeClasspath,testCompileClasspath,testRuntimeClasspath
org.threeten:threetenbp:1.6.0=compileClasspath,runtimeClasspath,testCompileClasspath,testRuntimeClasspath
ru.lanwen.wiremock:wiremock-junit5:1.3.1=testCompileClasspath,testRuntimeClasspath
empty=annotationProcessor,archives,signatures,testAnnotationProcessor
