# This is a Gradle generated file for dependency locking.
# Manual edits can break the build and are not advised.
# This file is expected to be part of source control.
antlr:antlr:2.7.7
ch.qos.logback:logback-classic:1.2.3
ch.qos.logback:logback-core:1.2.3
com.fasterxml:classmate:1.3.0
com.github.ben-manes.caffeine:caffeine:2.6.1
com.google.code.findbugs:jsr305:3.0.2
com.google.errorprone:error_prone_annotations:2.0.18
com.google.guava:guava:23.0
com.google.j2objc:j2objc-annotations:1.1
com.hazelcast:hazelcast:3.8.9
com.netflix.archaius:archaius-core:0.4.1
com.netflix.hystrix:hystrix-core:1.5.12
com.squareup.okhttp3:okhttp:3.9.1
com.squareup.okio:okio:1.13.0
commons-configuration:commons-configuration:1.8
commons-lang:commons-lang:2.6
commons-logging:commons-logging:1.1.1
dom4j:dom4j:1.6.1
io.dropwizard.metrics:metrics-core:3.2.6
io.projectreactor:reactor-core:3.1.4.RELEASE
io.reactivex:rxjava:1.2.0
javax.cache:cache-api:1.0.0
javax.servlet:javax.servlet-api:3.1.0
net.bytebuddy:byte-buddy:1.6.14
net.sf.ehcache:ehcache:2.10.4
org.apache.tomcat.embed:tomcat-embed-core:8.5.28
org.apache.tomcat:tomcat-annotations-api:8.5.28
org.apiguardian:apiguardian-api:1.0.0
org.aspectj:aspectjweaver:1.8.13
org.assertj:assertj-core:3.9.0
org.codehaus.mojo:animal-sniffer-annotations:1.14
org.eclipse.jetty:jetty-http:9.4.8.v20171121
org.eclipse.jetty:jetty-io:9.4.8.v20171121
org.eclipse.jetty:jetty-server:9.4.8.v20171121
org.eclipse.jetty:jetty-util:9.4.8.v20171121
org.hdrhistogram:HdrHistogram:2.1.10
org.hibernate.common:hibernate-commons-annotations:5.0.1.Final
org.hibernate.javax.persistence:hibernate-jpa-2.1-api:1.0.0.Final
org.hibernate:hibernate-core:5.2.13.Final
org.hibernate:hibernate-entitymanager:5.2.13.Final
org.javassist:javassist:3.22.0-GA
org.jboss.logging:jboss-logging:3.3.1.Final
org.jboss.spec.javax.transaction:jboss-transaction-api_1.2_spec:1.0.1.Final
org.jboss:jandex:2.0.3.Final
org.junit.jupiter:junit-jupiter-api:5.1.0-RC1
org.junit.jupiter:junit-jupiter-engine:5.1.0-RC1
org.junit.platform:junit-platform-commons:1.1.0-RC1
org.junit.platform:junit-platform-engine:1.1.0-RC1
org.latencyutils:LatencyUtils:2.0.3
org.opentest4j:opentest4j:1.0.0
org.pcollections:pcollections:3.0.1
org.reactivestreams:reactive-streams:1.0.2
org.slf4j:slf4j-api:1.7.25
