# This is a Gradle generated file for dependency locking.
# Manual edits can break the build and are not advised.
# This file is expected to be part of source control.
antlr:antlr:2.7.7=checkstyle,nohttp
ch.qos.logback:logback-classic:1.2.3=checkstyle,nohttp,nohttp-cli,testCompileClasspath,testRuntimeClasspath
ch.qos.logback:logback-core:1.2.3=checkstyle,nohttp,nohttp-cli,testCompileClasspath,testRuntimeClasspath
com.fasterxml.jackson.core:jackson-annotations:2.10.3=testCompileClasspath,testRuntimeClasspath
com.github.docker-java:docker-java-api:3.2.8=testCompileClasspath,testRuntimeClasspath
com.github.docker-java:docker-java-transport-zerodep:3.2.8=testCompileClasspath,testRuntimeClasspath
com.github.docker-java:docker-java-transport:3.2.8=testCompileClasspath,testRuntimeClasspath
com.github.tomakehurst:wiremock-jre8-standalone:2.28.0=testCompileClasspath,testRuntimeClasspath
com.google.code.findbugs:jsr305:3.0.2=checkstyle,compileClasspath,nohttp,runtimeClasspath,testCompileClasspath,testRuntimeClasspath
com.google.errorprone:error_prone_annotations:2.3.4=checkstyle,nohttp
com.google.guava:failureaccess:1.0.1=checkstyle,nohttp
com.google.guava:guava:29.0-jre=checkstyle,nohttp
com.google.guava:listenablefuture:9999.0-empty-to-avoid-conflict-with-guava=checkstyle,nohttp
com.google.j2objc:j2objc-annotations:1.3=checkstyle,nohttp
com.jayway.jsonpath:json-path:2.5.0=testCompileClasspath,testRuntimeClasspath
com.puppycrawl.tools:checkstyle:8.33=checkstyle,nohttp
commons-beanutils:commons-beanutils:1.9.4=checkstyle,nohttp
commons-collections:commons-collections:3.2.2=checkstyle,nohttp
commons-logging:commons-logging:1.2=nohttp
info.picocli:picocli:3.9.5=nohttp-cli
info.picocli:picocli:4.3.1=checkstyle,nohttp
io.spring.javaformat:spring-javaformat-checkstyle:0.0.28=checkstyle
io.spring.javaformat:spring-javaformat-config:0.0.28=checkstyle
io.spring.nohttp:nohttp-checkstyle:0.0.8=checkstyle,nohttp
io.spring.nohttp:nohttp-cli:0.0.8=nohttp-cli
io.spring.nohttp:nohttp:0.0.8=checkstyle,nohttp,nohttp-cli
junit:junit:4.12=testCompileClasspath,testRuntimeClasspath
net.bytebuddy:byte-buddy-agent:1.10.20=testCompileClasspath,testRuntimeClasspath
net.bytebuddy:byte-buddy:1.10.20=testCompileClasspath,testRuntimeClasspath
net.java.dev.jna:jna:5.8.0=testCompileClasspath,testRuntimeClasspath
net.minidev:accessors-smart:1.2=testCompileClasspath,testRuntimeClasspath
net.minidev:json-smart:2.3=testCompileClasspath,testRuntimeClasspath
net.sf.saxon:Saxon-HE:9.9.1-7=checkstyle,nohttp
org.antlr:antlr4-runtime:4.8-1=checkstyle,nohttp
org.apache.commons:commons-compress:1.20=testCompileClasspath,testRuntimeClasspath
org.apiguardian:apiguardian-api:1.1.0=testCompileClasspath,testRuntimeClasspath
org.assertj:assertj-core:3.19.0=testCompileClasspath,testRuntimeClasspath
org.checkerframework:checker-qual:2.11.1=checkstyle,nohttp
org.hamcrest:hamcrest-core:1.3=testCompileClasspath,testRuntimeClasspath
org.hdrhistogram:HdrHistogram:2.1.12=compileClasspath,default,runtimeClasspath,testCompileClasspath,testRuntimeClasspath
org.junit.jupiter:junit-jupiter-api:5.7.1=testCompileClasspath,testRuntimeClasspath
org.junit.jupiter:junit-jupiter-engine:5.7.1=testRuntimeClasspath
org.junit.jupiter:junit-jupiter-params:5.7.1=testCompileClasspath,testRuntimeClasspath
org.junit.jupiter:junit-jupiter:5.7.1=testCompileClasspath,testRuntimeClasspath
org.junit.platform:junit-platform-commons:1.7.1=testCompileClasspath,testRuntimeClasspath
org.junit.platform:junit-platform-engine:1.7.1=testRuntimeClasspath
org.junit:junit-bom:5.7.1=testCompileClasspath,testRuntimeClasspath
org.latencyutils:LatencyUtils:2.0.3=default,runtimeClasspath,testRuntimeClasspath
org.mockito:mockito-core:3.9.0=testCompileClasspath,testRuntimeClasspath
org.objenesis:objenesis:3.2=testCompileClasspath,testRuntimeClasspath
org.opentest4j:opentest4j:1.2.0=testCompileClasspath,testRuntimeClasspath
org.ow2.asm:asm:5.0.4=testCompileClasspath,testRuntimeClasspath
org.rnorth.duct-tape:duct-tape:1.0.8=testCompileClasspath,testRuntimeClasspath
org.rnorth.visible-assertions:visible-assertions:2.1.2=testCompileClasspath,testRuntimeClasspath
org.slf4j:slf4j-api:1.7.26=nohttp,nohttp-cli
org.slf4j:slf4j-api:1.7.30=compileClasspath,default,runtimeClasspath,testCompileClasspath,testRuntimeClasspath
org.testcontainers:elasticsearch:1.15.3=testCompileClasspath,testRuntimeClasspath
org.testcontainers:junit-jupiter:1.15.3=testCompileClasspath,testRuntimeClasspath
org.testcontainers:testcontainers:1.15.3=testCompileClasspath,testRuntimeClasspath
ru.lanwen.wiremock:wiremock-junit5:1.3.1=testCompileClasspath,testRuntimeClasspath
empty=annotationProcessor,archives,signatures,testAnnotationProcessor
