# This is a Gradle generated file for dependency locking.
# Manual edits can break the build and are not advised.
# This file is expected to be part of source control.
com.github.tomakehurst:wiremock-jre8-standalone:2.27.2
com.google.code.findbugs:jsr305:3.0.2
com.signalfx.public:signalfx-java:1.0.5
net.bytebuddy:byte-buddy-agent:1.10.15
net.bytebuddy:byte-buddy:1.10.15
org.apiguardian:apiguardian-api:1.1.0
org.assertj:assertj-core:3.18.0
org.hdrhistogram:HdrHistogram:2.1.12
org.junit.jupiter:junit-jupiter-api:5.7.1
org.junit.jupiter:junit-jupiter-engine:5.7.1
org.junit.jupiter:junit-jupiter-params:5.7.1
org.junit.jupiter:junit-jupiter:5.7.1
org.junit.platform:junit-platform-commons:1.7.1
org.junit.platform:junit-platform-engine:1.7.1
org.junit:junit-bom:5.7.1
org.latencyutils:LatencyUtils:2.0.3
org.mockito:mockito-core:3.6.0
org.objenesis:objenesis:3.1
org.opentest4j:opentest4j:1.2.0
org.slf4j:slf4j-api:1.7.30
ru.lanwen.wiremock:wiremock-junit5:1.3.1
