# This is a Gradle generated file for dependency locking.
# Manual edits can break the build and are not advised.
# This file is expected to be part of source control.
com.amazonaws:aws-java-sdk-cloudwatch:1.11.770
com.amazonaws:aws-java-sdk-core:1.11.770
com.amazonaws:jmespath-java:1.11.770
com.fasterxml.jackson.core:jackson-annotations:2.11.0
com.fasterxml.jackson.core:jackson-core:2.11.0
com.fasterxml.jackson.core:jackson-databind:2.11.0
com.fasterxml.jackson.dataformat:jackson-dataformat-cbor:2.6.7
com.google.code.findbugs:jsr305:3.0.2
commons-codec:commons-codec:1.11
commons-logging:commons-logging:1.2
joda-time:joda-time:2.8.1
org.apache.httpcomponents:httpclient:4.5.12
org.apache.httpcomponents:httpcore:4.4.13
org.hdrhistogram:HdrHistogram:2.1.12
org.latencyutils:LatencyUtils:2.0.3
org.slf4j:slf4j-api:1.7.30
software.amazon.ion:ion-java:1.0.2
