# This is a Gradle generated file for dependency locking.
# Manual edits can break the build and are not advised.
# This file is expected to be part of source control.
com.google.code.findbugs:jsr305:3.0.2
com.netflix.spectator:spectator-api:0.130.0
com.netflix.spectator:spectator-ext-ipc:0.130.0
com.netflix.spectator:spectator-reg-atlas:0.130.0
org.hdrhistogram:HdrHistogram:2.1.12
