# This is a Gradle generated file for dependency locking.
# Manual edits can break the build and are not advised.
# This file is expected to be part of source control.
com.netflix.spectator:spectator-api:0.130.0
com.netflix.spectator:spectator-ext-ipc:0.130.0
com.netflix.spectator:spectator-reg-atlas:0.130.0
javax.inject:javax.inject:1
org.hdrhistogram:HdrHistogram:2.1.12
org.latencyutils:LatencyUtils:2.0.3
org.slf4j:slf4j-api:1.7.30
