# This is a Gradle generated file for dependency locking.
# Manual edits can break the build and are not advised.
# This file is expected to be part of source control.
jakarta.annotation:jakarta.annotation-api:1.3.5
jakarta.validation:jakarta.validation-api:2.0.2
jakarta.ws.rs:jakarta.ws.rs-api:2.1.6
org.glassfish.hk2.external:jakarta.inject:2.6.1
org.glassfish.hk2:osgi-resource-locator:1.0.3
org.glassfish.jersey.core:jersey-client:2.34
org.glassfish.jersey.core:jersey-common:2.34
org.glassfish.jersey.core:jersey-server:2.34
