# This is a Gradle generated file for dependency locking.
# Manual edits can break the build and are not advised.
# This file is expected to be part of source control.
jakarta.annotation:jakarta.annotation-api:1.3.5
jakarta.ws.rs:jakarta.ws.rs-api:2.1.6
org.glassfish.hk2.external:aopalliance-repackaged:2.6.1
org.glassfish.hk2.external:jakarta.inject:2.6.1
org.glassfish.hk2:hk2-api:2.6.1
org.glassfish.hk2:hk2-locator:2.6.1
org.glassfish.hk2:hk2-utils:2.6.1
org.glassfish.hk2:osgi-resource-locator:1.0.3
org.glassfish.jersey.core:jersey-common:2.34
org.glassfish.jersey.inject:jersey-hk2:2.34
org.hdrhistogram:HdrHistogram:2.1.12
org.javassist:javassist:3.25.0-GA
org.latencyutils:LatencyUtils:2.0.3
