# This is a Gradle generated file for dependency locking.
# Manual edits can break the build and are not advised.
# This file is expected to be part of source control.
antlr:antlr:2.7.7
ch.qos.logback:logback-classic:1.2.3
ch.qos.logback:logback-core:1.2.3
com.fasterxml:classmate:1.3.4
com.github.ben-manes.caffeine:caffeine:2.8.0
com.google.code.findbugs:jsr305:3.0.2
com.google.errorprone:error_prone_annotations:2.3.3
com.google.guava:failureaccess:1.0.1
com.google.guava:guava:28.1-jre
com.google.guava:listenablefuture:9999.0-empty-to-avoid-conflict-with-guava
com.google.j2objc:j2objc-annotations:1.3
com.hazelcast:hazelcast:3.12.2
com.netflix.archaius:archaius-core:0.4.1
com.netflix.hystrix:hystrix-core:1.5.12
com.squareup.okhttp3:okhttp:3.14.7
com.squareup.okio:okio:1.17.2
com.sun.istack:istack-commons-runtime:3.0.7
com.sun.xml.fastinfoset:FastInfoset:1.2.15
commons-codec:commons-codec:1.10
commons-configuration:commons-configuration:1.8
commons-lang:commons-lang:2.6
commons-logging:commons-logging:1.2
io.dropwizard.metrics:metrics-core:4.0.6
io.netty:netty-buffer:4.1.34.Final
io.netty:netty-codec-http2:4.1.34.Final
io.netty:netty-codec-http:4.1.34.Final
io.netty:netty-codec-socks:4.1.34.Final
io.netty:netty-codec:4.1.34.Final
io.netty:netty-common:4.1.34.Final
io.netty:netty-handler-proxy:4.1.34.Final
io.netty:netty-handler:4.1.34.Final
io.netty:netty-resolver:4.1.34.Final
io.netty:netty-transport-native-epoll:4.1.34.Final
io.netty:netty-transport-native-unix-common:4.1.34.Final
io.netty:netty-transport:4.1.34.Final
io.projectreactor.netty:reactor-netty:0.8.6.RELEASE
io.projectreactor:reactor-core:3.2.12.RELEASE
io.reactivex:rxjava:1.2.0
jakarta.annotation:jakarta.annotation-api:1.3.5
jakarta.servlet:jakarta.servlet-api:4.0.3
jakarta.validation:jakarta.validation-api:2.0.2
jakarta.ws.rs:jakarta.ws.rs-api:2.1.6
javax.activation:javax.activation-api:1.2.0
javax.cache:cache-api:1.1.1
javax.persistence:javax.persistence-api:2.2
javax.servlet:javax.servlet-api:3.1.0
javax.xml.bind:jaxb-api:2.3.1
junit:junit:4.13
net.bytebuddy:byte-buddy-agent:1.9.10
net.bytebuddy:byte-buddy:1.9.11
net.sf.ehcache:ehcache:2.10.6
org.apache.httpcomponents:httpclient:4.5.6
org.apache.httpcomponents:httpcore:4.4.10
org.apache.logging.log4j:log4j-api:2.12.1
org.apache.logging.log4j:log4j-core:2.12.1
org.apache.tomcat.embed:tomcat-embed-core:8.5.46
org.apache.tomcat:tomcat-annotations-api:8.5.46
org.apiguardian:apiguardian-api:1.1.0
org.aspectj:aspectjweaver:1.8.14
org.assertj:assertj-core:3.13.2
org.checkerframework:checker-qual:2.10.0
org.codehaus.mojo:animal-sniffer-annotations:1.18
org.dom4j:dom4j:2.1.1
org.eclipse.jetty:jetty-http:9.2.28.v20190418
org.eclipse.jetty:jetty-io:9.2.28.v20190418
org.eclipse.jetty:jetty-server:9.2.28.v20190418
org.eclipse.jetty:jetty-util:9.2.28.v20190418
org.glassfish.hk2.external:aopalliance-repackaged:2.6.1
org.glassfish.hk2.external:jakarta.inject:2.6.1
org.glassfish.hk2:hk2-api:2.6.1
org.glassfish.hk2:hk2-locator:2.6.1
org.glassfish.hk2:hk2-utils:2.6.1
org.glassfish.hk2:osgi-resource-locator:1.0.3
org.glassfish.jaxb:jaxb-runtime:2.3.1
org.glassfish.jaxb:txw2:2.3.1
org.glassfish.jersey.containers:jersey-container-servlet-core:2.29.1
org.glassfish.jersey.core:jersey-client:2.29.1
org.glassfish.jersey.core:jersey-common:2.29.1
org.glassfish.jersey.core:jersey-server:2.29.1
org.glassfish.jersey.inject:jersey-hk2:2.29.1
org.glassfish.jersey.media:jersey-media-jaxb:2.29.1
org.glassfish.jersey.test-framework.providers:jersey-test-framework-provider-inmemory:2.29.1
org.glassfish.jersey.test-framework:jersey-test-framework-core:2.29.1
org.hamcrest:hamcrest-core:1.3
org.hdrhistogram:HdrHistogram:2.1.11
org.hibernate.common:hibernate-commons-annotations:5.1.0.Final
org.hibernate:hibernate-core:5.4.6.Final
org.hibernate:hibernate-entitymanager:5.4.6.Final
org.javassist:javassist:3.24.0-GA
org.jboss.logging:jboss-logging:3.3.2.Final
org.jboss.spec.javax.transaction:jboss-transaction-api_1.2_spec:1.1.1.Final
org.jboss:jandex:2.0.5.Final
org.junit.platform:junit-platform-commons:1.7.1
org.junit.platform:junit-platform-engine:1.7.1
org.junit.vintage:junit-vintage-engine:5.7.1
org.jvnet.staxex:stax-ex:1.8
org.latencyutils:LatencyUtils:2.0.3
org.mockito:mockito-core:2.28.2
org.mongodb:mongo-java-driver:3.11.0
org.objenesis:objenesis:2.6
org.opentest4j:opentest4j:1.2.0
org.pcollections:pcollections:3.1.0
org.reactivestreams:reactive-streams:1.0.3
org.slf4j:slf4j-api:1.7.26
