# This is a Gradle generated file for dependency locking.
# Manual edits can break the build and are not advised.
# This file is expected to be part of source control.
com.google.code.findbugs:jsr305:3.0.2
info.ganglia.gmetric4j:gmetric4j:1.0.10
io.dropwizard.metrics:metrics-core:4.0.7
org.acplt.remotetea:remotetea-oncrpc:1.1.2
org.hdrhistogram:HdrHistogram:2.1.12
org.slf4j:slf4j-api:1.7.30
