# This is a Gradle generated file for dependency locking.
# Manual edits can break the build and are not advised.
# This file is expected to be part of source control.
ch.qos.logback:logback-classic:1.2.3
ch.qos.logback:logback-core:1.2.3
colt:colt:1.2.0
com.amazonaws:aws-java-sdk-cloudwatch:1.11.890
com.amazonaws:aws-java-sdk-core:1.11.890
com.amazonaws:jmespath-java:1.11.890
com.fasterxml.jackson.core:jackson-annotations:2.12.0-rc1
com.fasterxml.jackson.core:jackson-core:2.12.0-rc1
com.fasterxml.jackson.core:jackson-databind:2.12.0-rc1
com.fasterxml.jackson.dataformat:jackson-dataformat-cbor:2.12.0-rc1
com.fasterxml.jackson.dataformat:jackson-dataformat-csv:2.12.0-rc1
com.fasterxml.jackson.datatype:jackson-datatype-jdk8:2.12.0-rc1
com.fasterxml.jackson.module:jackson-module-scala_2.13:2.12.0-rc1
com.fasterxml.jackson:jackson-bom:2.12.0-rc1
com.github.charithe:kafka-junit:4.1.11
com.github.luben:zstd-jni:1.4.4-7
com.google.android:annotations:4.1.1.4
com.google.api.grpc:proto-google-cloud-monitoring-v3:1.82.1
com.google.api.grpc:proto-google-common-protos:1.17.0
com.google.api:api-common:1.9.0
com.google.api:gax-grpc:1.56.0
com.google.api:gax:1.56.0
com.google.auth:google-auth-library-credentials:0.20.0
com.google.auth:google-auth-library-oauth2-http:0.20.0
com.google.auto.value:auto-value-annotations:1.7
com.google.cloud:google-cloud-monitoring:1.100.1
com.google.code.findbugs:jsr305:3.0.2
com.google.code.gson:gson:2.8.6
com.google.errorprone:error_prone_annotations:2.3.4
com.google.guava:failureaccess:1.0.1
com.google.guava:guava:30.0-jre
com.google.guava:listenablefuture:9999.0-empty-to-avoid-conflict-with-guava
com.google.http-client:google-http-client-jackson2:1.34.0
com.google.http-client:google-http-client:1.34.0
com.google.j2objc:j2objc-annotations:1.3
com.google.protobuf:protobuf-java-util:3.11.0
com.google.protobuf:protobuf-java:3.11.4
com.microsoft.azure:applicationinsights-core:2.6.2
com.netflix.spectator:spectator-api:0.119.0
com.netflix.spectator:spectator-ext-ipc:0.119.0
com.netflix.spectator:spectator-reg-atlas:0.119.0
com.rabbitmq:amqp-client:5.5.3
com.signalfx.public:signalfx-java:1.0.5
com.typesafe.scala-logging:scala-logging_2.13:3.9.2
com.wavefront:wavefront-sdk-java:2.6.2
com.yammer.metrics:metrics-core:2.2.0
commons-cli:commons-cli:1.4
commons-codec:commons-codec:1.11
commons-logging:commons-logging:1.2
concurrent:concurrent:1.3.4
info.ganglia.gmetric4j:gmetric4j:1.0.10
io.dropwizard.metrics:metrics-core:4.1.14
io.dropwizard.metrics:metrics-graphite:4.1.14
io.dropwizard.metrics:metrics-jmx:4.0.7
io.grpc:grpc-alts:1.28.1
io.grpc:grpc-api:1.28.1
io.grpc:grpc-auth:1.28.1
io.grpc:grpc-context:1.28.1
io.grpc:grpc-core:1.28.1
io.grpc:grpc-grpclb:1.28.1
io.grpc:grpc-netty-shaded:1.28.1
io.grpc:grpc-protobuf-lite:1.28.1
io.grpc:grpc-protobuf:1.28.1
io.grpc:grpc-stub:1.28.1
io.netty:netty-buffer:4.1.63.Final
io.netty:netty-codec-http2:4.1.63.Final
io.netty:netty-codec-http:4.1.63.Final
io.netty:netty-codec-socks:4.1.63.Final
io.netty:netty-codec:4.1.63.Final
io.netty:netty-common:4.1.63.Final
io.netty:netty-handler-proxy:4.1.63.Final
io.netty:netty-handler:4.1.63.Final
io.netty:netty-resolver:4.1.63.Final
io.netty:netty-transport-native-epoll:4.1.63.Final
io.netty:netty-transport-native-unix-common:4.1.63.Final
io.netty:netty-transport:4.1.63.Final
io.opencensus:opencensus-api:0.24.0
io.opencensus:opencensus-contrib-http-util:0.24.0
io.perfmark:perfmark-api:0.19.0
io.projectreactor.netty:reactor-netty:0.9.20.RELEASE
io.projectreactor:reactor-core:3.3.17.RELEASE
io.prometheus:simpleclient:0.9.0
io.prometheus:simpleclient_common:0.9.0
io.prometheus:simpleclient_pushgateway:0.9.0
javax.activation:javax.activation-api:1.2.0
javax.annotation:javax.annotation-api:1.3.2
javax.xml.bind:jaxb-api:2.3.1
joda-time:joda-time:2.8.1
junit:junit:4.13.1
log4j:log4j:1.2.17
net.sf.jopt-simple:jopt-simple:5.0.4
org.acplt.remotetea:remotetea-oncrpc:1.1.2
org.apache.commons:commons-lang3:3.5
org.apache.curator:curator-test:4.2.0
org.apache.httpcomponents:httpclient:4.5.13
org.apache.httpcomponents:httpcore:4.4.13
org.apache.kafka:kafka-clients:2.6.0
org.apache.kafka:kafka_2.13:2.6.0
org.apache.yetus:audience-annotations:0.5.0
org.apache.zookeeper:zookeeper-jute:3.5.8
org.apache.zookeeper:zookeeper:3.5.8
org.apiguardian:apiguardian-api:1.0.0
org.checkerframework:checker-qual:3.5.0
org.codehaus.mojo:animal-sniffer-annotations:1.18
org.conscrypt:conscrypt-openjdk-uber:2.2.1
org.hamcrest:hamcrest-core:1.3
org.hdrhistogram:HdrHistogram:2.1.12
org.junit.jupiter:junit-jupiter-api:5.4.0
org.junit.platform:junit-platform-commons:1.4.0
org.lz4:lz4-java:1.7.1
org.opentest4j:opentest4j:1.1.1
org.reactivestreams:reactive-streams:1.0.3
org.scala-lang.modules:scala-collection-compat_2.13:2.1.6
org.scala-lang.modules:scala-java8-compat_2.13:0.9.1
org.scala-lang:scala-library:2.13.3
org.scala-lang:scala-reflect:2.13.2
org.slf4j:log4j-over-slf4j:1.7.25
org.slf4j:slf4j-api:1.7.30
org.threeten:threetenbp:1.4.3
org.xerial.snappy:snappy-java:1.1.7.3
software.amazon.awssdk:annotations:2.15.17
software.amazon.awssdk:auth:2.15.17
software.amazon.awssdk:aws-core:2.15.17
software.amazon.awssdk:aws-query-protocol:2.15.17
software.amazon.awssdk:cloudwatch:2.15.17
software.amazon.awssdk:http-client-spi:2.15.17
software.amazon.awssdk:metrics-spi:2.15.17
software.amazon.awssdk:profiles:2.15.17
software.amazon.awssdk:protocol-core:2.15.17
software.amazon.awssdk:regions:2.15.17
software.amazon.awssdk:sdk-core:2.15.17
software.amazon.awssdk:utils:2.15.17
software.amazon.eventstream:eventstream:1.0.1
software.amazon.ion:ion-java:1.0.2
