# This is a Gradle generated file for dependency locking.
# Manual edits can break the build and are not advised.
# This file is expected to be part of source control.
antlr:antlr:2.7.7=compileClasspath,nohttp,runtimeClasspath,testCompileClasspath,testRuntimeClasspath
aopalliance:aopalliance:1.0=testCompileClasspath,testRuntimeClasspath
ch.qos.logback:logback-classic:1.2.11=compileClasspath,runtimeClasspath,testCompileClasspath,testRuntimeClasspath
ch.qos.logback:logback-classic:1.2.3=checkstyle,nohttp,nohttp-cli
ch.qos.logback:logback-core:1.2.11=compileClasspath,runtimeClasspath,testCompileClasspath,testRuntimeClasspath
ch.qos.logback:logback-core:1.2.3=checkstyle,nohttp,nohttp-cli
com.fasterxml.jackson.core:jackson-annotations:2.13.2=compileClasspath,runtimeClasspath,testCompileClasspath,testRuntimeClasspath
com.fasterxml.jackson.core:jackson-core:2.13.2=compileClasspath,runtimeClasspath,testCompileClasspath,testRuntimeClasspath
com.fasterxml.jackson.core:jackson-databind:2.13.2.2=compileClasspath,runtimeClasspath,testCompileClasspath,testRuntimeClasspath
com.fasterxml.jackson.datatype:jackson-datatype-jdk8:2.13.2=compileClasspath,runtimeClasspath,testCompileClasspath,testRuntimeClasspath
com.fasterxml.jackson:jackson-bom:2.13.2=compileClasspath,runtimeClasspath,testCompileClasspath,testRuntimeClasspath
com.fasterxml:classmate:1.5.1=compileClasspath,runtimeClasspath,testCompileClasspath,testRuntimeClasspath
com.github.ben-manes.caffeine:caffeine:2.9.3=compileClasspath,runtimeClasspath,testCompileClasspath,testRuntimeClasspath
com.github.docker-java:docker-java-api:3.2.13=testCompileClasspath,testRuntimeClasspath
com.github.docker-java:docker-java-transport-zerodep:3.2.13=testCompileClasspath,testRuntimeClasspath
com.github.docker-java:docker-java-transport:3.2.13=testCompileClasspath,testRuntimeClasspath
com.github.luben:zstd-jni:1.4.9-1=compileClasspath,runtimeClasspath,testCompileClasspath,testRuntimeClasspath
com.github.tomakehurst:wiremock-jre8-standalone:2.33.2=testCompileClasspath,testRuntimeClasspath
com.google.code.findbugs:jsr305:3.0.2=checkstyle,compileClasspath,nohttp,runtimeClasspath,testCompileClasspath,testRuntimeClasspath
com.google.errorprone:error_prone_annotations:2.11.0=compileClasspath,runtimeClasspath,testCompileClasspath,testRuntimeClasspath
com.google.errorprone:error_prone_annotations:2.3.4=nohttp
com.google.errorprone:error_prone_annotations:2.7.1=checkstyle
com.google.guava:failureaccess:1.0.1=checkstyle,compileClasspath,nohttp,runtimeClasspath,testCompileClasspath,testRuntimeClasspath
com.google.guava:guava:29.0-jre=nohttp
com.google.guava:guava:31.0.1-jre=checkstyle
com.google.guava:guava:31.1-jre=compileClasspath,runtimeClasspath,testCompileClasspath,testRuntimeClasspath
com.google.guava:listenablefuture:9999.0-empty-to-avoid-conflict-with-guava=checkstyle,compileClasspath,nohttp,runtimeClasspath,testCompileClasspath,testRuntimeClasspath
com.google.inject:guice:5.1.0=testCompileClasspath,testRuntimeClasspath
com.google.j2objc:j2objc-annotations:1.3=checkstyle,compileClasspath,nohttp,runtimeClasspath,testCompileClasspath,testRuntimeClasspath
com.h2database:h2:2.1.212=testCompileClasspath,testRuntimeClasspath
com.hazelcast:hazelcast:5.1.1=compileClasspath,runtimeClasspath,testCompileClasspath,testRuntimeClasspath
com.lmax:disruptor:3.4.4=testCompileClasspath,testRuntimeClasspath
com.netflix.archaius:archaius-core:0.4.1=compileClasspath,runtimeClasspath,testCompileClasspath,testRuntimeClasspath
com.netflix.hystrix:hystrix-core:1.5.12=compileClasspath,runtimeClasspath,testCompileClasspath,testRuntimeClasspath
com.puppycrawl.tools:checkstyle:8.33=nohttp
com.puppycrawl.tools:checkstyle:9.0.1=checkstyle
com.squareup.okhttp3:okhttp-jvm:5.0.0-alpha.6=compileClasspath,runtimeClasspath,testCompileClasspath,testRuntimeClasspath
com.squareup.okhttp3:okhttp:5.0.0-alpha.6=compileClasspath,runtimeClasspath,testCompileClasspath,testRuntimeClasspath
com.squareup.okio:okio-jvm:3.0.0=compileClasspath,runtimeClasspath,testCompileClasspath,testRuntimeClasspath
com.squareup.okio:okio:3.0.0=compileClasspath,runtimeClasspath,testCompileClasspath,testRuntimeClasspath
com.sun.istack:istack-commons-runtime:3.0.7=compileClasspath,runtimeClasspath,testCompileClasspath,testRuntimeClasspath
com.sun.xml.fastinfoset:FastInfoset:1.2.15=compileClasspath,runtimeClasspath,testCompileClasspath,testRuntimeClasspath
com.tngtech.archunit:archunit-junit5-api:0.23.1=testCompileClasspath,testRuntimeClasspath
com.tngtech.archunit:archunit-junit5-engine-api:0.23.1=testRuntimeClasspath
com.tngtech.archunit:archunit-junit5-engine:0.23.1=testRuntimeClasspath
com.tngtech.archunit:archunit-junit5:0.23.1=testCompileClasspath,testRuntimeClasspath
com.tngtech.archunit:archunit:0.23.1=testCompileClasspath,testRuntimeClasspath
commons-beanutils:commons-beanutils:1.9.4=checkstyle,nohttp
commons-codec:commons-codec:1.11=compileClasspath,runtimeClasspath,testCompileClasspath,testRuntimeClasspath
commons-collections:commons-collections:3.2.2=checkstyle,nohttp
commons-configuration:commons-configuration:1.8=compileClasspath,runtimeClasspath,testCompileClasspath,testRuntimeClasspath
commons-lang:commons-lang:2.6=compileClasspath,runtimeClasspath,testCompileClasspath,testRuntimeClasspath
commons-logging:commons-logging:1.2=compileClasspath,nohttp,runtimeClasspath,testCompileClasspath,testRuntimeClasspath
info.picocli:picocli:3.9.5=nohttp-cli
info.picocli:picocli:4.3.1=nohttp
info.picocli:picocli:4.6.1=checkstyle
io.dropwizard.metrics:metrics-core:4.2.9=compileClasspath,runtimeClasspath,testCompileClasspath,testRuntimeClasspath
io.grpc:grpc-api:1.45.1=compileClasspath,runtimeClasspath,testCompileClasspath,testRuntimeClasspath
io.grpc:grpc-context:1.45.1=compileClasspath,runtimeClasspath,testCompileClasspath,testRuntimeClasspath
io.projectreactor:reactor-bom:2020.0.22=compileClasspath,default,runtimeClasspath,testCompileClasspath,testRuntimeClasspath
io.projectreactor:reactor-core:3.4.22=testCompileClasspath,testRuntimeClasspath
io.projectreactor:reactor-test:3.4.22=testCompileClasspath,testRuntimeClasspath
io.reactivex:rxjava:1.2.0=compileClasspath,runtimeClasspath,testCompileClasspath,testRuntimeClasspath
io.spring.javaformat:spring-javaformat-checkstyle:0.0.31=checkstyle
io.spring.javaformat:spring-javaformat-config:0.0.31=checkstyle
io.spring.nohttp:nohttp-checkstyle:0.0.10=checkstyle,nohttp
io.spring.nohttp:nohttp-cli:0.0.10=nohttp-cli
io.spring.nohttp:nohttp:0.0.10=checkstyle,nohttp,nohttp-cli
jakarta.activation:jakarta.activation-api:1.2.2=testCompileClasspath,testRuntimeClasspath
jakarta.annotation:jakarta.annotation-api:1.3.5=compileClasspath,runtimeClasspath,testCompileClasspath,testRuntimeClasspath
jakarta.servlet:jakarta.servlet-api:4.0.3=testCompileClasspath,testRuntimeClasspath
jakarta.validation:jakarta.validation-api:2.0.2=compileClasspath,runtimeClasspath,testCompileClasspath,testRuntimeClasspath
jakarta.ws.rs:jakarta.ws.rs-api:2.1.6=compileClasspath,runtimeClasspath,testCompileClasspath,testRuntimeClasspath
jakarta.xml.bind:jakarta.xml.bind-api:2.3.3=testCompileClasspath,testRuntimeClasspath
javax.activation:javax.activation-api:1.2.0=compileClasspath,runtimeClasspath,testCompileClasspath,testRuntimeClasspath
javax.cache:cache-api:1.1.1=compileClasspath,runtimeClasspath,testCompileClasspath,testRuntimeClasspath
javax.inject:javax.inject:1=testCompileClasspath,testRuntimeClasspath
javax.persistence:javax.persistence-api:2.2=compileClasspath,runtimeClasspath,testCompileClasspath,testRuntimeClasspath
javax.servlet:javax.servlet-api:3.1.0=compileClasspath,runtimeClasspath,testCompileClasspath,testRuntimeClasspath
javax.xml.bind:jaxb-api:2.3.1=compileClasspath,runtimeClasspath,testCompileClasspath,testRuntimeClasspath
junit:junit:4.13.2=testCompileClasspath,testRuntimeClasspath
net.bytebuddy:byte-buddy-agent:1.12.9=testCompileClasspath,testRuntimeClasspath
net.bytebuddy:byte-buddy:1.12.9=compileClasspath,runtimeClasspath,testCompileClasspath,testRuntimeClasspath
net.java.dev.jna:jna:5.8.0=testCompileClasspath,testRuntimeClasspath
net.sf.ehcache:ehcache:2.10.9.2=compileClasspath,runtimeClasspath,testCompileClasspath,testRuntimeClasspath
net.sf.saxon:Saxon-HE:10.6=checkstyle
net.sf.saxon:Saxon-HE:9.9.1-7=nohttp
org.antlr:antlr4-runtime:4.8-1=nohttp
org.antlr:antlr4-runtime:4.9.2=checkstyle
org.apache.commons:commons-compress:1.21=testCompileClasspath,testRuntimeClasspath
org.apache.commons:commons-lang3:3.8.1=testCompileClasspath,testRuntimeClasspath
org.apache.commons:commons-pool2:2.11.1=testCompileClasspath,testRuntimeClasspath
org.apache.httpcomponents:httpasyncclient:4.1.5=compileClasspath,runtimeClasspath,testCompileClasspath,testRuntimeClasspath
org.apache.httpcomponents:httpclient:4.5.13=compileClasspath,runtimeClasspath,testCompileClasspath,testRuntimeClasspath
org.apache.httpcomponents:httpcore-nio:4.4.15=compileClasspath,runtimeClasspath,testCompileClasspath,testRuntimeClasspath
org.apache.httpcomponents:httpcore:4.4.15=compileClasspath,runtimeClasspath,testCompileClasspath,testRuntimeClasspath
org.apache.kafka:connect-api:2.8.1=compileClasspath,runtimeClasspath,testCompileClasspath,testRuntimeClasspath
org.apache.kafka:connect-json:2.8.1=compileClasspath,runtimeClasspath,testCompileClasspath,testRuntimeClasspath
org.apache.kafka:kafka-clients:2.8.1=compileClasspath,runtimeClasspath,testCompileClasspath,testRuntimeClasspath
org.apache.kafka:kafka-streams:2.8.1=compileClasspath,runtimeClasspath,testCompileClasspath,testRuntimeClasspath
org.apache.logging.log4j:log4j-api:2.17.2=compileClasspath,runtimeClasspath,testCompileClasspath,testRuntimeClasspath
org.apache.logging.log4j:log4j-core:2.17.2=compileClasspath,runtimeClasspath,testCompileClasspath,testRuntimeClasspath
org.apache.maven.resolver:maven-resolver-api:1.8.1=testCompileClasspath,testRuntimeClasspath
org.apache.maven.resolver:maven-resolver-connector-basic:1.8.1=testCompileClasspath,testRuntimeClasspath
org.apache.maven.resolver:maven-resolver-impl:1.6.3=testCompileClasspath,testRuntimeClasspath
org.apache.maven.resolver:maven-resolver-spi:1.8.1=testCompileClasspath,testRuntimeClasspath
org.apache.maven.resolver:maven-resolver-transport-http:1.8.1=testCompileClasspath,testRuntimeClasspath
org.apache.maven.resolver:maven-resolver-util:1.8.1=testCompileClasspath,testRuntimeClasspath
org.apache.maven:maven-artifact:3.8.6=testCompileClasspath,testRuntimeClasspath
org.apache.maven:maven-builder-support:3.8.6=testCompileClasspath,testRuntimeClasspath
org.apache.maven:maven-model-builder:3.8.6=testCompileClasspath,testRuntimeClasspath
org.apache.maven:maven-model:3.8.6=testCompileClasspath,testRuntimeClasspath
org.apache.maven:maven-repository-metadata:3.8.6=testCompileClasspath,testRuntimeClasspath
org.apache.maven:maven-resolver-provider:3.8.6=testCompileClasspath,testRuntimeClasspath
org.apache.tomcat.embed:tomcat-embed-core:8.5.78=compileClasspath,runtimeClasspath,testCompileClasspath,testRuntimeClasspath
org.apache.tomcat:tomcat-annotations-api:8.5.78=compileClasspath,runtimeClasspath,testCompileClasspath,testRuntimeClasspath
org.apiguardian:apiguardian-api:1.1.2=testCompileClasspath
org.aspectj:aspectjweaver:1.8.14=compileClasspath,runtimeClasspath,testCompileClasspath,testRuntimeClasspath
org.assertj:assertj-core:3.22.0=testCompileClasspath,testRuntimeClasspath
org.awaitility:awaitility:4.2.0=testCompileClasspath,testRuntimeClasspath
org.checkerframework:checker-qual:2.11.1=nohttp
org.checkerframework:checker-qual:3.12.0=checkstyle
org.checkerframework:checker-qual:3.19.0=compileClasspath,runtimeClasspath,testCompileClasspath,testRuntimeClasspath
org.codehaus.plexus:plexus-interpolation:1.26=testCompileClasspath,testRuntimeClasspath
org.codehaus.plexus:plexus-utils:3.3.1=testCompileClasspath,testRuntimeClasspath
org.eclipse.jetty:jetty-client:9.4.46.v20220331=runtimeClasspath
org.eclipse.jetty:jetty-client:9.4.48.v20220622=compileClasspath,testCompileClasspath,testRuntimeClasspath
org.eclipse.jetty:jetty-http:9.4.46.v20220331=runtimeClasspath
org.eclipse.jetty:jetty-http:9.4.48.v20220622=compileClasspath,testCompileClasspath,testRuntimeClasspath
org.eclipse.jetty:jetty-io:9.4.46.v20220331=runtimeClasspath
org.eclipse.jetty:jetty-io:9.4.48.v20220622=compileClasspath,testCompileClasspath,testRuntimeClasspath
org.eclipse.jetty:jetty-server:9.4.46.v20220331=compileClasspath,runtimeClasspath,testCompileClasspath,testRuntimeClasspath
org.eclipse.jetty:jetty-util:9.4.46.v20220331=runtimeClasspath
org.eclipse.jetty:jetty-util:9.4.48.v20220622=compileClasspath,testCompileClasspath,testRuntimeClasspath
org.eclipse.sisu:org.eclipse.sisu.inject:0.3.5=testCompileClasspath,testRuntimeClasspath
org.ehcache:ehcache:3.10.0=testCompileClasspath,testRuntimeClasspath
org.glassfish.hk2.external:aopalliance-repackaged:2.6.1=testRuntimeClasspath
org.glassfish.hk2.external:jakarta.inject:2.6.1=compileClasspath,runtimeClasspath,testCompileClasspath,testRuntimeClasspath
org.glassfish.hk2:hk2-api:2.6.1=testRuntimeClasspath
org.glassfish.hk2:hk2-locator:2.6.1=testRuntimeClasspath
org.glassfish.hk2:hk2-utils:2.6.1=testRuntimeClasspath
org.glassfish.hk2:osgi-resource-locator:1.0.3=compileClasspath,runtimeClasspath,testCompileClasspath,testRuntimeClasspath
org.glassfish.jaxb:jaxb-runtime:2.3.1=compileClasspath,runtimeClasspath,testCompileClasspath,testRuntimeClasspath
org.glassfish.jaxb:txw2:2.3.1=compileClasspath,runtimeClasspath,testCompileClasspath,testRuntimeClasspath
org.glassfish.jersey.containers:jersey-container-servlet-core:2.35=testCompileClasspath,testRuntimeClasspath
org.glassfish.jersey.core:jersey-client:2.35=compileClasspath,runtimeClasspath,testCompileClasspath,testRuntimeClasspath
org.glassfish.jersey.core:jersey-common:2.35=compileClasspath,runtimeClasspath,testCompileClasspath,testRuntimeClasspath
org.glassfish.jersey.core:jersey-server:2.35=compileClasspath,runtimeClasspath,testCompileClasspath,testRuntimeClasspath
org.glassfish.jersey.inject:jersey-hk2:2.35=testRuntimeClasspath
org.glassfish.jersey.media:jersey-media-jaxb:2.35=testCompileClasspath,testRuntimeClasspath
org.glassfish.jersey.test-framework.providers:jersey-test-framework-provider-inmemory:2.35=testCompileClasspath,testRuntimeClasspath
org.glassfish.jersey.test-framework:jersey-test-framework-core:2.35=testCompileClasspath,testRuntimeClasspath
org.hamcrest:hamcrest-core:1.3=testCompileClasspath,testRuntimeClasspath
org.hamcrest:hamcrest:2.1=testCompileClasspath,testRuntimeClasspath
org.hdrhistogram:HdrHistogram:2.1.12=compileClasspath,default,runtimeClasspath,testCompileClasspath,testRuntimeClasspath
org.hibernate.common:hibernate-commons-annotations:5.1.2.Final=compileClasspath,runtimeClasspath,testCompileClasspath,testRuntimeClasspath
org.hibernate:hibernate-core:5.6.8.Final=compileClasspath,runtimeClasspath,testCompileClasspath,testRuntimeClasspath
org.hibernate:hibernate-entitymanager:5.6.8.Final=compileClasspath,runtimeClasspath,testCompileClasspath,testRuntimeClasspath
org.hsqldb:hsqldb:2.5.2=testCompileClasspath,testRuntimeClasspath
org.javassist:javassist:3.25.0-GA=testRuntimeClasspath
org.javassist:javassist:3.26.0-GA=checkstyle
org.jboss.logging:jboss-logging:3.4.3.Final=compileClasspath,runtimeClasspath,testCompileClasspath,testRuntimeClasspath
org.jboss.spec.javax.transaction:jboss-transaction-api_1.2_spec:1.1.1.Final=compileClasspath,runtimeClasspath,testCompileClasspath,testRuntimeClasspath
org.jboss:jandex:2.4.2.Final=compileClasspath,runtimeClasspath,testCompileClasspath,testRuntimeClasspath
org.jetbrains.kotlin:kotlin-stdlib-common:1.6.10=compileClasspath,runtimeClasspath,testCompileClasspath,testRuntimeClasspath
org.jetbrains.kotlin:kotlin-stdlib-jdk7:1.5.31=compileClasspath,runtimeClasspath,testCompileClasspath,testRuntimeClasspath
org.jetbrains.kotlin:kotlin-stdlib-jdk8:1.5.31=compileClasspath,runtimeClasspath,testCompileClasspath,testRuntimeClasspath
org.jetbrains.kotlin:kotlin-stdlib:1.6.10=compileClasspath,runtimeClasspath,testCompileClasspath,testRuntimeClasspath
org.jetbrains:annotations:13.0=compileClasspath,runtimeClasspath
org.jetbrains:annotations:17.0.0=testCompileClasspath,testRuntimeClasspath
org.jooq:jooq:3.14.15=compileClasspath,runtimeClasspath,testCompileClasspath,testRuntimeClasspath
org.junit.jupiter:junit-jupiter-api:5.8.2=testCompileClasspath,testRuntimeClasspath
org.junit.jupiter:junit-jupiter-engine:5.8.2=testRuntimeClasspath
org.junit.jupiter:junit-jupiter-params:5.8.2=testCompileClasspath,testRuntimeClasspath
org.junit.jupiter:junit-jupiter:5.8.2=testCompileClasspath,testRuntimeClasspath
org.junit.platform:junit-platform-commons:1.8.2=testCompileClasspath,testRuntimeClasspath
org.junit.platform:junit-platform-engine:1.8.2=testCompileClasspath,testRuntimeClasspath
org.junit.platform:junit-platform-launcher:1.8.2=testCompileClasspath,testRuntimeClasspath
org.junit:junit-bom:5.8.2=testCompileClasspath,testRuntimeClasspath
org.jvnet.staxex:stax-ex:1.8=compileClasspath,runtimeClasspath,testCompileClasspath,testRuntimeClasspath
org.latencyutils:LatencyUtils:2.0.3=compileClasspath,default,runtimeClasspath,testCompileClasspath,testRuntimeClasspath
org.lz4:lz4-java:1.7.1=compileClasspath,runtimeClasspath,testCompileClasspath,testRuntimeClasspath
org.mockito:mockito-core:4.5.1=testCompileClasspath,testRuntimeClasspath
org.mockito:mockito-inline:4.5.1=testCompileClasspath,testRuntimeClasspath
org.mongodb:bson:4.6.0-alpha0=compileClasspath,runtimeClasspath,testCompileClasspath,testRuntimeClasspath
org.mongodb:mongodb-driver-core:4.6.0-alpha0=compileClasspath,runtimeClasspath,testCompileClasspath,testRuntimeClasspath
org.mongodb:mongodb-driver-sync:4.6.0-alpha0=compileClasspath,runtimeClasspath,testCompileClasspath,testRuntimeClasspath
org.objenesis:objenesis:3.2=testRuntimeClasspath
org.opentest4j:opentest4j:1.2.0=testCompileClasspath,testRuntimeClasspath
org.postgresql:postgresql:42.3.3=testCompileClasspath,testRuntimeClasspath
org.reactivestreams:reactive-streams:1.0.4=compileClasspath,runtimeClasspath,testCompileClasspath,testRuntimeClasspath
org.reflections:reflections:0.9.12=checkstyle
org.rnorth.duct-tape:duct-tape:1.0.8=testCompileClasspath,testRuntimeClasspath
org.rocksdb:rocksdbjni:5.18.4=compileClasspath,runtimeClasspath,testCompileClasspath,testRuntimeClasspath
org.slf4j:slf4j-api:1.7.26=nohttp,nohttp-cli
org.slf4j:slf4j-api:1.7.36=compileClasspath,runtimeClasspath,testCompileClasspath,testRuntimeClasspath
org.springframework:spring-aop:5.3.19=testCompileClasspath,testRuntimeClasspath
org.springframework:spring-beans:5.3.19=testCompileClasspath,testRuntimeClasspath
org.springframework:spring-context:5.3.19=testCompileClasspath,testRuntimeClasspath
org.springframework:spring-core:5.3.19=testCompileClasspath,testRuntimeClasspath
org.springframework:spring-expression:5.3.19=testCompileClasspath,testRuntimeClasspath
org.springframework:spring-jcl:5.3.19=testCompileClasspath,testRuntimeClasspath
org.testcontainers:database-commons:1.17.1=testCompileClasspath,testRuntimeClasspath
org.testcontainers:jdbc:1.17.1=testCompileClasspath,testRuntimeClasspath
org.testcontainers:junit-jupiter:1.17.1=testCompileClasspath,testRuntimeClasspath
org.testcontainers:kafka:1.17.1=testCompileClasspath,testRuntimeClasspath
org.testcontainers:mongodb:1.17.1=testCompileClasspath,testRuntimeClasspath
org.testcontainers:postgresql:1.17.1=testCompileClasspath,testRuntimeClasspath
org.testcontainers:testcontainers:1.17.1=testCompileClasspath,testRuntimeClasspath
org.xerial.snappy:snappy-java:1.1.8.1=compileClasspath,runtimeClasspath,testCompileClasspath,testRuntimeClasspath
ru.lanwen.wiremock:wiremock-junit5:1.3.1=testCompileClasspath,testRuntimeClasspath
empty=annotationProcessor,archives,signatures,testAnnotationProcessor
