# This is a Gradle generated file for dependency locking.
# Manual edits can break the build and are not advised.
# This file is expected to be part of source control.
antlr:antlr:2.7.7
ch.qos.logback:logback-classic:1.2.3
ch.qos.logback:logback-core:1.2.3
com.fasterxml:classmate:1.3.4
com.github.ben-manes.caffeine:caffeine:2.8.0
com.google.code.findbugs:jsr305:3.0.2
com.google.errorprone:error_prone_annotations:2.3.3
com.google.guava:failureaccess:1.0.1
com.google.guava:guava:28.1-jre
com.google.guava:listenablefuture:9999.0-empty-to-avoid-conflict-with-guava
com.google.j2objc:j2objc-annotations:1.3
com.hazelcast:hazelcast:3.12.2
com.netflix.archaius:archaius-core:0.4.1
com.netflix.hystrix:hystrix-core:1.5.12
com.squareup.okhttp3:okhttp:3.14.4
com.squareup.okio:okio:1.17.2
com.sun.istack:istack-commons-runtime:3.0.7
com.sun.xml.fastinfoset:FastInfoset:1.2.15
commons-codec:commons-codec:1.11
commons-configuration:commons-configuration:1.8
commons-lang:commons-lang:2.6
commons-logging:commons-logging:1.2
io.dropwizard.metrics5:metrics-core:5.0.0
io.dropwizard.metrics:metrics-core:4.0.6
io.netty:netty-buffer:4.1.41.Final
io.netty:netty-codec-http2:4.1.41.Final
io.netty:netty-codec-http:4.1.41.Final
io.netty:netty-codec-socks:4.1.39.Final
io.netty:netty-codec:4.1.41.Final
io.netty:netty-common:4.1.41.Final
io.netty:netty-handler-proxy:4.1.39.Final
io.netty:netty-handler:4.1.41.Final
io.netty:netty-resolver:4.1.41.Final
io.netty:netty-transport-native-epoll:4.1.41.Final
io.netty:netty-transport-native-unix-common:4.1.41.Final
io.netty:netty-transport:4.1.41.Final
io.projectreactor.addons:reactor-pool:0.1.0.RELEASE
io.projectreactor.netty:reactor-netty:0.9.0.RELEASE
io.projectreactor:reactor-core:3.3.0.RELEASE
io.prometheus:simpleclient:0.7.0
io.prometheus:simpleclient_common:0.7.0
io.reactivex:rxjava:1.2.0
javax.activation:javax.activation-api:1.2.0
javax.cache:cache-api:1.1.1
javax.persistence:javax.persistence-api:2.2
javax.servlet:javax.servlet-api:3.1.0
javax.xml.bind:jaxb-api:2.3.1
net.bytebuddy:byte-buddy:1.9.11
net.sf.ehcache:ehcache:2.10.6
net.sf.jopt-simple:jopt-simple:5.0.4
org.apache.commons:commons-math3:3.2
org.apache.httpcomponents:httpclient:4.5.9
org.apache.httpcomponents:httpcore:4.4.11
org.apache.logging.log4j:log4j-api:2.12.1
org.apache.logging.log4j:log4j-core:2.12.1
org.apache.tomcat.embed:tomcat-embed-core:8.5.46
org.apache.tomcat:tomcat-annotations-api:8.5.46
org.aspectj:aspectjweaver:1.8.14
org.checkerframework:checker-qual:2.10.0
org.codehaus.mojo:animal-sniffer-annotations:1.18
org.dom4j:dom4j:2.1.1
org.eclipse.jetty:jetty-http:9.2.28.v20190418
org.eclipse.jetty:jetty-io:9.2.28.v20190418
org.eclipse.jetty:jetty-server:9.2.28.v20190418
org.eclipse.jetty:jetty-util:9.2.28.v20190418
org.glassfish.jaxb:jaxb-runtime:2.3.1
org.glassfish.jaxb:txw2:2.3.1
org.hdrhistogram:HdrHistogram:2.1.11
org.hibernate.common:hibernate-commons-annotations:5.1.0.Final
org.hibernate:hibernate-core:5.4.6.Final
org.hibernate:hibernate-entitymanager:5.4.6.Final
org.javassist:javassist:3.24.0-GA
org.jboss.logging:jboss-logging:3.3.2.Final
org.jboss.spec.javax.transaction:jboss-transaction-api_1.2_spec:1.1.1.Final
org.jboss:jandex:2.0.5.Final
org.jvnet.staxex:stax-ex:1.8
org.latencyutils:LatencyUtils:2.0.3
org.mongodb:mongo-java-driver:3.11.0
org.openjdk.jmh:jmh-core:1.29
org.openjdk.jmh:jmh-generator-annprocess:1.29
org.openjdk.jmh:jmh-generator-asm:1.25
org.openjdk.jmh:jmh-generator-bytecode:1.25
org.openjdk.jmh:jmh-generator-reflection:1.25
org.ow2.asm:asm:5.0.3
org.pcollections:pcollections:3.1.0
org.reactivestreams:reactive-streams:1.0.3
org.slf4j:slf4j-api:1.7.26
