# This is a Gradle generated file for dependency locking.
# Manual edits can break the build and are not advised.
# This file is expected to be part of source control.
net.sf.jopt-simple:jopt-simple:4.6
org.apache.commons:commons-math3:3.2
org.openjdk.jmh:jmh-core:1.29
org.openjdk.jmh:jmh-generator-annprocess:1.29
