# This is a Gradle generated file for dependency locking.
# Manual edits can break the build and are not advised.
# This file is expected to be part of source control.
antlr:antlr:2.7.7=checkstyle,nohttp
ch.qos.logback:logback-classic:1.2.3=checkstyle,compileClasspath,default,nohttp,nohttp-cli,productionRuntimeClasspath,runtimeClasspath,testCompileClasspath,testRuntimeClasspath
ch.qos.logback:logback-core:1.2.3=checkstyle,compileClasspath,default,nohttp,nohttp-cli,productionRuntimeClasspath,runtimeClasspath,testCompileClasspath,testRuntimeClasspath
com.fasterxml.jackson.core:jackson-annotations:2.11.4=compileClasspath,default,productionRuntimeClasspath,runtimeClasspath,testCompileClasspath,testRuntimeClasspath
com.fasterxml.jackson.core:jackson-core:2.11.4=compileClasspath,default,productionRuntimeClasspath,runtimeClasspath,testCompileClasspath,testRuntimeClasspath
com.fasterxml.jackson.core:jackson-databind:2.11.4=compileClasspath,default,productionRuntimeClasspath,runtimeClasspath,testCompileClasspath,testRuntimeClasspath
com.fasterxml.jackson.datatype:jackson-datatype-jdk8:2.11.4=compileClasspath,default,productionRuntimeClasspath,runtimeClasspath,testCompileClasspath,testRuntimeClasspath
com.fasterxml.jackson.datatype:jackson-datatype-jsr310:2.11.4=compileClasspath,default,productionRuntimeClasspath,runtimeClasspath,testCompileClasspath,testRuntimeClasspath
com.fasterxml.jackson.module:jackson-module-parameter-names:2.11.4=compileClasspath,default,productionRuntimeClasspath,runtimeClasspath,testCompileClasspath,testRuntimeClasspath
com.google.code.findbugs:jsr305:3.0.2=checkstyle,compileClasspath,nohttp,productionRuntimeClasspath,runtimeClasspath,testCompileClasspath,testRuntimeClasspath
com.google.errorprone:error_prone_annotations:2.3.4=checkstyle,nohttp
com.google.guava:failureaccess:1.0.1=checkstyle,nohttp
com.google.guava:guava:29.0-jre=checkstyle,nohttp
com.google.guava:listenablefuture:9999.0-empty-to-avoid-conflict-with-guava=checkstyle,nohttp
com.google.j2objc:j2objc-annotations:1.3=checkstyle,nohttp
com.puppycrawl.tools:checkstyle:8.33=checkstyle,nohttp
com.sun.activation:jakarta.activation:1.2.2=default,productionRuntimeClasspath,runtimeClasspath,testRuntimeClasspath
com.sun.xml.messaging.saaj:saaj-impl:1.5.3=default,productionRuntimeClasspath,runtimeClasspath,testRuntimeClasspath
commons-beanutils:commons-beanutils:1.9.4=checkstyle,nohttp
commons-collections:commons-collections:3.2.2=checkstyle,nohttp
commons-logging:commons-logging:1.2=nohttp
info.picocli:picocli:3.9.5=nohttp-cli
info.picocli:picocli:4.3.1=checkstyle,nohttp
io.projectreactor:reactor-core:3.3.17.RELEASE=compileClasspath,default,productionRuntimeClasspath,runtimeClasspath,testCompileClasspath,testRuntimeClasspath
io.prometheus:simpleclient:0.9.0=compileClasspath,default,productionRuntimeClasspath,runtimeClasspath,testCompileClasspath,testRuntimeClasspath
io.prometheus:simpleclient_common:0.9.0=compileClasspath,default,productionRuntimeClasspath,runtimeClasspath,testCompileClasspath,testRuntimeClasspath
io.spring.javaformat:spring-javaformat-checkstyle:0.0.20=checkstyle
io.spring.nohttp:nohttp-checkstyle:0.0.10=checkstyle,nohttp
io.spring.nohttp:nohttp-cli:0.0.10=nohttp-cli
io.spring.nohttp:nohttp:0.0.10=checkstyle,nohttp,nohttp-cli
jakarta.annotation:jakarta.annotation-api:1.3.5=compileClasspath,default,productionRuntimeClasspath,runtimeClasspath,testCompileClasspath,testRuntimeClasspath
jakarta.xml.soap:jakarta.xml.soap-api:1.4.2=default,productionRuntimeClasspath,runtimeClasspath,testRuntimeClasspath
net.sf.saxon:Saxon-HE:9.9.1-7=checkstyle,nohttp
org.antlr:antlr4-runtime:4.8-1=checkstyle,nohttp
org.apache.logging.log4j:log4j-api:2.13.3=compileClasspath,default,productionRuntimeClasspath,runtimeClasspath,testCompileClasspath,testRuntimeClasspath
org.apache.logging.log4j:log4j-to-slf4j:2.13.3=compileClasspath,default,productionRuntimeClasspath,runtimeClasspath,testCompileClasspath,testRuntimeClasspath
org.apache.tomcat.embed:tomcat-embed-core:9.0.46=compileClasspath,default,productionRuntimeClasspath,runtimeClasspath,testCompileClasspath,testRuntimeClasspath
org.apache.tomcat.embed:tomcat-embed-websocket:9.0.46=compileClasspath,default,productionRuntimeClasspath,runtimeClasspath,testCompileClasspath,testRuntimeClasspath
org.checkerframework:checker-qual:2.11.1=checkstyle,nohttp
org.glassfish:jakarta.el:3.0.3=compileClasspath,default,productionRuntimeClasspath,runtimeClasspath,testCompileClasspath,testRuntimeClasspath
org.hdrhistogram:HdrHistogram:2.1.12=compileClasspath,default,productionRuntimeClasspath,runtimeClasspath,testCompileClasspath,testRuntimeClasspath
org.jvnet.staxex:stax-ex:1.8.3=default,productionRuntimeClasspath,runtimeClasspath,testRuntimeClasspath
org.latencyutils:LatencyUtils:2.0.3=default,productionRuntimeClasspath,runtimeClasspath,testRuntimeClasspath
org.reactivestreams:reactive-streams:1.0.3=compileClasspath,default,productionRuntimeClasspath,runtimeClasspath,testCompileClasspath,testRuntimeClasspath
org.slf4j:jul-to-slf4j:1.7.30=compileClasspath,default,productionRuntimeClasspath,runtimeClasspath,testCompileClasspath,testRuntimeClasspath
org.slf4j:slf4j-api:1.7.30=compileClasspath,default,nohttp,nohttp-cli,productionRuntimeClasspath,runtimeClasspath,testCompileClasspath,testRuntimeClasspath
org.springframework.boot:spring-boot-actuator-autoconfigure:2.3.12.RELEASE=compileClasspath,default,productionRuntimeClasspath,runtimeClasspath,testCompileClasspath,testRuntimeClasspath
org.springframework.boot:spring-boot-actuator:2.3.12.RELEASE=compileClasspath,default,productionRuntimeClasspath,runtimeClasspath,testCompileClasspath,testRuntimeClasspath
org.springframework.boot:spring-boot-autoconfigure:2.3.12.RELEASE=compileClasspath,default,productionRuntimeClasspath,runtimeClasspath,testCompileClasspath,testRuntimeClasspath
org.springframework.boot:spring-boot-starter-actuator:2.3.12.RELEASE=compileClasspath,default,productionRuntimeClasspath,runtimeClasspath,testCompileClasspath,testRuntimeClasspath
org.springframework.boot:spring-boot-starter-json:2.3.12.RELEASE=compileClasspath,default,productionRuntimeClasspath,runtimeClasspath,testCompileClasspath,testRuntimeClasspath
org.springframework.boot:spring-boot-starter-logging:2.3.12.RELEASE=compileClasspath,default,productionRuntimeClasspath,runtimeClasspath,testCompileClasspath,testRuntimeClasspath
org.springframework.boot:spring-boot-starter-tomcat:2.3.12.RELEASE=compileClasspath,default,productionRuntimeClasspath,runtimeClasspath,testCompileClasspath,testRuntimeClasspath
org.springframework.boot:spring-boot-starter-web:2.3.12.RELEASE=compileClasspath,default,productionRuntimeClasspath,runtimeClasspath,testCompileClasspath,testRuntimeClasspath
org.springframework.boot:spring-boot-starter:2.3.12.RELEASE=compileClasspath,default,productionRuntimeClasspath,runtimeClasspath,testCompileClasspath,testRuntimeClasspath
org.springframework.boot:spring-boot:2.3.12.RELEASE=compileClasspath,default,productionRuntimeClasspath,runtimeClasspath,testCompileClasspath,testRuntimeClasspath
org.springframework.integration:spring-integration-core:5.3.8.RELEASE=compileClasspath,default,productionRuntimeClasspath,runtimeClasspath,testCompileClasspath,testRuntimeClasspath
org.springframework.integration:spring-integration-ws:5.3.8.RELEASE=compileClasspath,default,productionRuntimeClasspath,runtimeClasspath,testCompileClasspath,testRuntimeClasspath
org.springframework.integration:spring-integration-xml:5.3.8.RELEASE=compileClasspath,default,productionRuntimeClasspath,runtimeClasspath,testCompileClasspath,testRuntimeClasspath
org.springframework.retry:spring-retry:1.2.5.RELEASE=compileClasspath,default,productionRuntimeClasspath,runtimeClasspath,testCompileClasspath,testRuntimeClasspath
org.springframework.ws:spring-ws-core:3.0.10.RELEASE=compileClasspath,default,productionRuntimeClasspath,runtimeClasspath,testCompileClasspath,testRuntimeClasspath
org.springframework.ws:spring-xml:3.0.10.RELEASE=compileClasspath,default,productionRuntimeClasspath,runtimeClasspath,testCompileClasspath,testRuntimeClasspath
org.springframework:spring-aop:5.2.15.RELEASE=compileClasspath,default,productionRuntimeClasspath,runtimeClasspath,testCompileClasspath,testRuntimeClasspath
org.springframework:spring-beans:5.2.15.RELEASE=compileClasspath,default,productionRuntimeClasspath,runtimeClasspath,testCompileClasspath,testRuntimeClasspath
org.springframework:spring-context:5.2.15.RELEASE=compileClasspath,default,productionRuntimeClasspath,runtimeClasspath,testCompileClasspath,testRuntimeClasspath
org.springframework:spring-core:5.2.15.RELEASE=compileClasspath,default,productionRuntimeClasspath,runtimeClasspath,testCompileClasspath,testRuntimeClasspath
org.springframework:spring-expression:5.2.15.RELEASE=compileClasspath,default,productionRuntimeClasspath,runtimeClasspath,testCompileClasspath,testRuntimeClasspath
org.springframework:spring-jcl:5.2.15.RELEASE=compileClasspath,default,productionRuntimeClasspath,runtimeClasspath,testCompileClasspath,testRuntimeClasspath
org.springframework:spring-messaging:5.2.15.RELEASE=compileClasspath,default,productionRuntimeClasspath,runtimeClasspath,testCompileClasspath,testRuntimeClasspath
org.springframework:spring-oxm:5.2.15.RELEASE=compileClasspath,default,productionRuntimeClasspath,runtimeClasspath,testCompileClasspath,testRuntimeClasspath
org.springframework:spring-tx:5.2.15.RELEASE=compileClasspath,default,productionRuntimeClasspath,runtimeClasspath,testCompileClasspath,testRuntimeClasspath
org.springframework:spring-web:5.2.15.RELEASE=compileClasspath,default,productionRuntimeClasspath,runtimeClasspath,testCompileClasspath,testRuntimeClasspath
org.springframework:spring-webmvc:5.2.15.RELEASE=compileClasspath,default,productionRuntimeClasspath,runtimeClasspath,testCompileClasspath,testRuntimeClasspath
org.yaml:snakeyaml:1.26=compileClasspath,default,productionRuntimeClasspath,runtimeClasspath,testCompileClasspath,testRuntimeClasspath
empty=annotationProcessor,archives,bootArchives,developmentOnly,signatures,testAnnotationProcessor
