# This is a Gradle generated file for dependency locking.
# Manual edits can break the build and are not advised.
# This file is expected to be part of source control.
antlr:antlr:2.7.7=nohttp
ch.qos.logback:logback-classic:1.2.11=compileClasspath,default,runtimeClasspath,testCompileClasspath,testRuntimeClasspath
ch.qos.logback:logback-classic:1.2.3=checkstyle,nohttp,nohttp-cli
ch.qos.logback:logback-core:1.2.11=compileClasspath,default,runtimeClasspath,testCompileClasspath,testRuntimeClasspath
ch.qos.logback:logback-core:1.2.3=checkstyle,nohttp,nohttp-cli
com.google.code.findbugs:jsr305:3.0.2=checkstyle,compileClasspath,nohttp,runtimeClasspath,testCompileClasspath,testRuntimeClasspath
com.google.errorprone:error_prone_annotations:2.3.4=nohttp
com.google.errorprone:error_prone_annotations:2.7.1=checkstyle
com.google.guava:failureaccess:1.0.1=checkstyle,nohttp
com.google.guava:guava:29.0-jre=nohttp
com.google.guava:guava:31.0.1-jre=checkstyle
com.google.guava:listenablefuture:9999.0-empty-to-avoid-conflict-with-guava=checkstyle,nohttp
com.google.j2objc:j2objc-annotations:1.3=checkstyle,nohttp
com.hazelcast:hazelcast:5.0=compileClasspath,default,runtimeClasspath,testCompileClasspath,testRuntimeClasspath
com.puppycrawl.tools:checkstyle:8.33=nohttp
com.puppycrawl.tools:checkstyle:9.0.1=checkstyle
commons-beanutils:commons-beanutils:1.9.4=checkstyle,nohttp
commons-collections:commons-collections:3.2.2=checkstyle,nohttp
commons-logging:commons-logging:1.2=nohttp
info.picocli:picocli:3.9.5=nohttp-cli
info.picocli:picocli:4.3.1=nohttp
info.picocli:picocli:4.6.1=checkstyle
io.projectreactor:reactor-bom:2020.0.21=default,runtimeClasspath,testRuntimeClasspath
io.spring.javaformat:spring-javaformat-checkstyle:0.0.31=checkstyle
io.spring.javaformat:spring-javaformat-config:0.0.31=checkstyle
io.spring.nohttp:nohttp-checkstyle:0.0.10=checkstyle,nohttp
io.spring.nohttp:nohttp-cli:0.0.10=nohttp-cli
io.spring.nohttp:nohttp:0.0.10=checkstyle,nohttp,nohttp-cli
net.sf.saxon:Saxon-HE:10.6=checkstyle
net.sf.saxon:Saxon-HE:9.9.1-7=nohttp
org.antlr:antlr4-runtime:4.8-1=nohttp
org.antlr:antlr4-runtime:4.9.2=checkstyle
org.checkerframework:checker-qual:2.11.1=nohttp
org.checkerframework:checker-qual:3.12.0=checkstyle
org.hdrhistogram:HdrHistogram:2.1.12=compileClasspath,default,runtimeClasspath,testCompileClasspath,testRuntimeClasspath
org.javassist:javassist:3.26.0-GA=checkstyle
org.latencyutils:LatencyUtils:2.0.3=default,runtimeClasspath,testRuntimeClasspath
org.reflections:reflections:0.9.12=checkstyle
org.slf4j:slf4j-api:1.7.26=nohttp,nohttp-cli
org.slf4j:slf4j-api:1.7.36=compileClasspath,default,runtimeClasspath,testCompileClasspath,testRuntimeClasspath
empty=annotationProcessor,archives,signatures,testAnnotationProcessor
