# This is a Gradle generated file for dependency locking.
# Manual edits can break the build and are not advised.
# This file is expected to be part of source control.
ch.qos.logback:logback-classic:1.2.3
ch.qos.logback:logback-core:1.2.3
com.fasterxml.jackson.core:jackson-core:2.11.3
com.google.api.grpc:proto-google-cloud-monitoring-v3:1.82.1
com.google.api.grpc:proto-google-common-protos:2.0.1
com.google.api:api-common:1.9.0
com.google.api:gax-grpc:1.56.0
com.google.api:gax:1.56.0
com.google.auth:google-auth-library-credentials:0.22.2
com.google.auth:google-auth-library-oauth2-http:0.22.2
com.google.auto.value:auto-value-annotations:1.7.4
com.google.cloud:google-cloud-monitoring:1.100.1
com.google.code.findbugs:jsr305:3.0.2
com.google.errorprone:error_prone_annotations:2.5.1
com.google.guava:failureaccess:1.0.1
com.google.guava:guava:30.1.1-jre
com.google.guava:listenablefuture:9999.0-empty-to-avoid-conflict-with-guava
com.google.http-client:google-http-client-jackson2:1.38.0
com.google.http-client:google-http-client:1.38.0
com.google.j2objc:j2objc-annotations:1.3
com.google.protobuf:protobuf-java:3.13.0
commons-codec:commons-codec:1.11
commons-logging:commons-logging:1.2
io.grpc:grpc-alts:1.37.0
io.grpc:grpc-api:1.37.0
io.grpc:grpc-auth:1.37.0
io.grpc:grpc-context:1.37.0
io.grpc:grpc-core:1.37.0
io.grpc:grpc-grpclb:1.37.0
io.grpc:grpc-netty-shaded:1.37.0
io.grpc:grpc-protobuf-lite:1.37.0
io.grpc:grpc-protobuf:1.37.0
io.grpc:grpc-stub:1.37.0
io.opencensus:opencensus-api:0.24.0
io.opencensus:opencensus-contrib-http-util:0.24.0
javax.annotation:javax.annotation-api:1.3.2
org.apache.httpcomponents:httpclient:4.5.13
org.apache.httpcomponents:httpcore:4.4.13
org.checkerframework:checker-qual:3.8.0
org.conscrypt:conscrypt-openjdk-uber:2.5.1
org.hdrhistogram:HdrHistogram:2.1.12
org.slf4j:slf4j-api:1.7.30
org.threeten:threetenbp:1.4.3
