# This is a Gradle generated file for dependency locking.
# Manual edits can break the build and are not advised.
# This file is expected to be part of source control.
com.fasterxml.jackson.core:jackson-core:2.10.1
com.github.tomakehurst:wiremock-jre8-standalone:2.27.2
com.google.android:annotations:4.1.1.4
com.google.api.grpc:proto-google-cloud-monitoring-v3:1.82.1
com.google.api.grpc:proto-google-common-protos:1.17.0
com.google.api:api-common:1.9.0
com.google.api:gax-grpc:1.56.0
com.google.api:gax:1.56.0
com.google.auth:google-auth-library-credentials:0.20.0
com.google.auth:google-auth-library-oauth2-http:0.20.0
com.google.auto.value:auto-value-annotations:1.7
com.google.cloud:google-cloud-monitoring:1.100.1
com.google.code.findbugs:jsr305:3.0.2
com.google.code.gson:gson:2.8.6
com.google.errorprone:error_prone_annotations:2.3.4
com.google.guava:failureaccess:1.0.1
com.google.guava:guava:30.0-jre
com.google.guava:listenablefuture:9999.0-empty-to-avoid-conflict-with-guava
com.google.http-client:google-http-client-jackson2:1.34.0
com.google.http-client:google-http-client:1.34.0
com.google.j2objc:j2objc-annotations:1.3
com.google.protobuf:protobuf-java-util:3.11.0
com.google.protobuf:protobuf-java:3.11.4
commons-codec:commons-codec:1.11
commons-logging:commons-logging:1.2
io.grpc:grpc-alts:1.28.1
io.grpc:grpc-api:1.28.1
io.grpc:grpc-auth:1.28.1
io.grpc:grpc-context:1.28.1
io.grpc:grpc-core:1.28.1
io.grpc:grpc-grpclb:1.28.1
io.grpc:grpc-netty-shaded:1.28.1
io.grpc:grpc-protobuf-lite:1.28.1
io.grpc:grpc-protobuf:1.28.1
io.grpc:grpc-stub:1.28.1
io.opencensus:opencensus-api:0.24.0
io.opencensus:opencensus-contrib-http-util:0.24.0
io.perfmark:perfmark-api:0.19.0
javax.annotation:javax.annotation-api:1.3.2
net.bytebuddy:byte-buddy-agent:1.10.15
net.bytebuddy:byte-buddy:1.10.15
org.apache.commons:commons-lang3:3.5
org.apache.httpcomponents:httpclient:4.5.13
org.apache.httpcomponents:httpcore:4.4.13
org.apiguardian:apiguardian-api:1.1.0
org.assertj:assertj-core:3.18.0
org.checkerframework:checker-qual:3.5.0
org.codehaus.mojo:animal-sniffer-annotations:1.18
org.conscrypt:conscrypt-openjdk-uber:2.2.1
org.hdrhistogram:HdrHistogram:2.1.12
org.junit.jupiter:junit-jupiter-api:5.7.1
org.junit.jupiter:junit-jupiter-engine:5.7.1
org.junit.jupiter:junit-jupiter-params:5.7.1
org.junit.jupiter:junit-jupiter:5.7.1
org.junit.platform:junit-platform-commons:1.7.1
org.junit.platform:junit-platform-engine:1.7.1
org.junit:junit-bom:5.7.1
org.latencyutils:LatencyUtils:2.0.3
org.mockito:mockito-core:3.6.0
org.objenesis:objenesis:3.1
org.opentest4j:opentest4j:1.2.0
org.slf4j:slf4j-api:1.7.30
org.threeten:threetenbp:1.4.3
ru.lanwen.wiremock:wiremock-junit5:1.3.1
