# This is a Gradle generated file for dependency locking.
# Manual edits can break the build and are not advised.
# This file is expected to be part of source control.
antlr:antlr:2.7.7
ch.qos.logback:logback-classic:1.2.3
ch.qos.logback:logback-core:1.2.3
com.fasterxml.jackson.core:jackson-annotations:2.9.10
com.fasterxml.jackson.core:jackson-core:2.9.10
com.fasterxml.jackson.core:jackson-databind:2.9.10
com.fasterxml:classmate:1.3.4
com.flipkart.zjsonpatch:zjsonpatch:0.4.4
com.github.ben-manes.caffeine:caffeine:2.8.0
com.github.jknack:handlebars-helpers:4.0.7
com.github.jknack:handlebars:4.0.7
com.github.tomakehurst:wiremock:2.25.0
com.google.android:annotations:4.1.1.4
com.google.api.grpc:proto-google-cloud-monitoring-v3:1.75.0
com.google.api.grpc:proto-google-common-protos:1.16.0
com.google.api.grpc:proto-google-iam-v1:0.12.0
com.google.api:api-common:1.8.1
com.google.api:gax-grpc:1.48.1
com.google.api:gax:1.48.1
com.google.auth:google-auth-library-credentials:0.17.1
com.google.auth:google-auth-library-oauth2-http:0.17.1
com.google.auto.value:auto-value-annotations:1.6.6
com.google.cloud:google-cloud-core-grpc:1.90.0
com.google.cloud:google-cloud-core:1.90.0
com.google.cloud:google-cloud-monitoring:1.93.0
com.google.code.findbugs:jsr305:3.0.2
com.google.code.gson:gson:2.7
com.google.errorprone:error_prone_annotations:2.3.3
com.google.guava:failureaccess:1.0.1
com.google.guava:guava:28.1-jre
com.google.guava:listenablefuture:9999.0-empty-to-avoid-conflict-with-guava
com.google.http-client:google-http-client-jackson2:1.31.0
com.google.http-client:google-http-client:1.31.0
com.google.j2objc:j2objc-annotations:1.3
com.google.protobuf:protobuf-java-util:3.9.1
com.google.protobuf:protobuf-java:3.10.0
com.hazelcast:hazelcast:3.12.2
com.jayway.jsonpath:json-path:2.4.0
com.netflix.archaius:archaius-core:0.4.1
com.netflix.hystrix:hystrix-core:1.5.12
com.squareup.okhttp3:okhttp:3.14.7
com.squareup.okio:okio:1.17.2
com.sun.istack:istack-commons-runtime:3.0.7
com.sun.xml.fastinfoset:FastInfoset:1.2.15
commons-codec:commons-codec:1.11
commons-configuration:commons-configuration:1.8
commons-fileupload:commons-fileupload:1.4
commons-io:commons-io:2.2
commons-lang:commons-lang:2.6
commons-logging:commons-logging:1.2
io.dropwizard.metrics:metrics-core:4.0.6
io.grpc:grpc-alts:1.23.0
io.grpc:grpc-api:1.23.0
io.grpc:grpc-auth:1.23.0
io.grpc:grpc-context:1.23.0
io.grpc:grpc-core:1.23.0
io.grpc:grpc-grpclb:1.23.0
io.grpc:grpc-netty-shaded:1.23.0
io.grpc:grpc-protobuf-lite:1.23.0
io.grpc:grpc-protobuf:1.23.0
io.grpc:grpc-stub:1.23.0
io.netty:netty-buffer:4.1.34.Final
io.netty:netty-codec-http2:4.1.34.Final
io.netty:netty-codec-http:4.1.34.Final
io.netty:netty-codec-socks:4.1.34.Final
io.netty:netty-codec:4.1.34.Final
io.netty:netty-common:4.1.34.Final
io.netty:netty-handler-proxy:4.1.34.Final
io.netty:netty-handler:4.1.34.Final
io.netty:netty-resolver:4.1.34.Final
io.netty:netty-transport-native-epoll:4.1.34.Final
io.netty:netty-transport-native-unix-common:4.1.34.Final
io.netty:netty-transport:4.1.34.Final
io.opencensus:opencensus-api:0.23.0
io.opencensus:opencensus-contrib-grpc-metrics:0.21.0
io.opencensus:opencensus-contrib-http-util:0.21.0
io.perfmark:perfmark-api:0.17.0
io.projectreactor.netty:reactor-netty:0.8.6.RELEASE
io.projectreactor:reactor-core:3.2.12.RELEASE
io.reactivex:rxjava:1.2.0
javax.activation:javax.activation-api:1.2.0
javax.annotation:javax.annotation-api:1.3.2
javax.cache:cache-api:1.1.1
javax.persistence:javax.persistence-api:2.2
javax.servlet:javax.servlet-api:3.1.0
javax.xml.bind:jaxb-api:2.3.1
net.bytebuddy:byte-buddy-agent:1.9.10
net.bytebuddy:byte-buddy:1.9.11
net.minidev:accessors-smart:1.2
net.minidev:json-smart:2.3
net.sf.ehcache:ehcache:2.10.6
net.sf.jopt-simple:jopt-simple:5.0.3
org.antlr:antlr4-runtime:4.7.1
org.apache.commons:commons-lang3:3.7
org.apache.httpcomponents:httpclient:4.5.9
org.apache.httpcomponents:httpcore:4.4.11
org.apache.logging.log4j:log4j-api:2.12.1
org.apache.logging.log4j:log4j-core:2.12.1
org.apache.tomcat.embed:tomcat-embed-core:8.5.46
org.apache.tomcat:tomcat-annotations-api:8.5.46
org.apiguardian:apiguardian-api:1.1.0
org.aspectj:aspectjweaver:1.8.14
org.assertj:assertj-core:3.13.2
org.checkerframework:checker-qual:2.10.0
org.codehaus.mojo:animal-sniffer-annotations:1.18
org.dom4j:dom4j:2.1.1
org.eclipse.jetty:jetty-continuation:9.2.28.v20190418
org.eclipse.jetty:jetty-http:9.2.28.v20190418
org.eclipse.jetty:jetty-io:9.2.28.v20190418
org.eclipse.jetty:jetty-security:9.2.28.v20190418
org.eclipse.jetty:jetty-server:9.2.28.v20190418
org.eclipse.jetty:jetty-servlet:9.2.28.v20190418
org.eclipse.jetty:jetty-servlets:9.2.28.v20190418
org.eclipse.jetty:jetty-util:9.2.28.v20190418
org.eclipse.jetty:jetty-webapp:9.2.28.v20190418
org.eclipse.jetty:jetty-xml:9.2.28.v20190418
org.glassfish.jaxb:jaxb-runtime:2.3.1
org.glassfish.jaxb:txw2:2.3.1
org.hdrhistogram:HdrHistogram:2.1.11
org.hibernate.common:hibernate-commons-annotations:5.1.0.Final
org.hibernate:hibernate-core:5.4.6.Final
org.hibernate:hibernate-entitymanager:5.4.6.Final
org.javassist:javassist:3.24.0-GA
org.jboss.logging:jboss-logging:3.3.2.Final
org.jboss.spec.javax.transaction:jboss-transaction-api_1.2_spec:1.1.1.Final
org.jboss:jandex:2.0.5.Final
org.junit.jupiter:junit-jupiter-api:5.7.1
org.junit.jupiter:junit-jupiter-engine:5.7.1
org.junit.jupiter:junit-jupiter-params:5.7.1
org.junit.jupiter:junit-jupiter:5.7.1
org.junit.platform:junit-platform-commons:1.7.1
org.junit.platform:junit-platform-engine:1.7.1
org.jvnet.staxex:stax-ex:1.8
org.latencyutils:LatencyUtils:2.0.3
org.mockito:mockito-core:3.0.0
org.mongodb:mongo-java-driver:3.11.0
org.objenesis:objenesis:2.6
org.opentest4j:opentest4j:1.2.0
org.ow2.asm:asm:7.0
org.pcollections:pcollections:3.1.0
org.reactivestreams:reactive-streams:1.0.3
org.slf4j:slf4j-api:1.7.28
org.threeten:threetenbp:1.3.3
org.xmlunit:xmlunit-core:2.6.2
org.xmlunit:xmlunit-legacy:2.6.2
org.xmlunit:xmlunit-placeholders:2.6.2
ru.lanwen.wiremock:wiremock-junit5:1.3.1
