# This is a Gradle generated file for dependency locking.
# Manual edits can break the build and are not advised.
# This file is expected to be part of source control.
org.apiguardian:apiguardian-api:1.0.0
org.junit.platform:junit-platform-commons:1.0.0
org.junit.platform:junit-platform-console:1.0.0
org.junit.platform:junit-platform-engine:1.0.0
org.junit.platform:junit-platform-launcher:1.0.0
org.opentest4j:opentest4j:1.0.0
