# This is a Gradle generated file for dependency locking.
# Manual edits can break the build and are not advised.
# This file is expected to be part of source control.
antlr:antlr:2.7.7=nohttp
ch.qos.logback:logback-classic:1.2.12=checkstyle,compileClasspath,nohttp,nohttp-cli,productionRuntimeClasspath,runtimeClasspath,testCompileClasspath,testRuntimeClasspath
ch.qos.logback:logback-core:1.2.12=checkstyle,compileClasspath,nohttp,nohttp-cli,productionRuntimeClasspath,runtimeClasspath,testCompileClasspath,testRuntimeClasspath
com.fasterxml.jackson.core:jackson-annotations:2.13.5=compileClasspath,productionRuntimeClasspath,runtimeClasspath,testCompileClasspath,testRuntimeClasspath
com.fasterxml.jackson.core:jackson-core:2.13.5=compileClasspath,productionRuntimeClasspath,runtimeClasspath,testCompileClasspath,testRuntimeClasspath
com.fasterxml.jackson.core:jackson-databind:2.13.5=compileClasspath,productionRuntimeClasspath,runtimeClasspath,testCompileClasspath,testRuntimeClasspath
com.fasterxml.jackson.datatype:jackson-datatype-jdk8:2.13.5=compileClasspath,productionRuntimeClasspath,runtimeClasspath,testCompileClasspath,testRuntimeClasspath
com.fasterxml.jackson.datatype:jackson-datatype-jsr310:2.13.5=compileClasspath,productionRuntimeClasspath,runtimeClasspath,testCompileClasspath,testRuntimeClasspath
com.fasterxml.jackson.module:jackson-module-parameter-names:2.13.5=compileClasspath,productionRuntimeClasspath,runtimeClasspath,testCompileClasspath,testRuntimeClasspath
com.fasterxml.jackson:jackson-bom:2.13.5=compileClasspath,productionRuntimeClasspath,runtimeClasspath,testCompileClasspath,testRuntimeClasspath
com.google.code.findbugs:jsr305:3.0.2=checkstyle,compileClasspath,nohttp,productionRuntimeClasspath,runtimeClasspath,testCompileClasspath,testRuntimeClasspath
com.google.errorprone:error_prone_annotations:2.3.4=nohttp
com.google.errorprone:error_prone_annotations:2.7.1=checkstyle
com.google.guava:failureaccess:1.0.1=checkstyle,nohttp
com.google.guava:guava:29.0-jre=nohttp
com.google.guava:guava:31.0.1-jre=checkstyle
com.google.guava:listenablefuture:9999.0-empty-to-avoid-conflict-with-guava=checkstyle,nohttp
com.google.j2objc:j2objc-annotations:1.3=checkstyle,nohttp
com.puppycrawl.tools:checkstyle:8.33=nohttp
com.puppycrawl.tools:checkstyle:9.3=checkstyle
commons-beanutils:commons-beanutils:1.9.4=checkstyle,nohttp
commons-collections:commons-collections:3.2.2=checkstyle,nohttp
commons-logging:commons-logging:1.2=nohttp
info.picocli:picocli:3.9.5=nohttp-cli
info.picocli:picocli:4.3.1=nohttp
info.picocli:picocli:4.6.2=checkstyle
io.netty:netty-bom:4.1.97.Final=compileClasspath,productionRuntimeClasspath,runtimeClasspath,testCompileClasspath,testRuntimeClasspath
io.netty:netty-buffer:4.1.97.Final=compileClasspath,productionRuntimeClasspath,runtimeClasspath,testCompileClasspath,testRuntimeClasspath
io.netty:netty-codec-dns:4.1.97.Final=compileClasspath,productionRuntimeClasspath,runtimeClasspath,testCompileClasspath,testRuntimeClasspath
io.netty:netty-codec-http2:4.1.97.Final=compileClasspath,productionRuntimeClasspath,runtimeClasspath,testCompileClasspath,testRuntimeClasspath
io.netty:netty-codec-http:4.1.97.Final=compileClasspath,productionRuntimeClasspath,runtimeClasspath,testCompileClasspath,testRuntimeClasspath
io.netty:netty-codec-socks:4.1.97.Final=compileClasspath,productionRuntimeClasspath,runtimeClasspath,testCompileClasspath,testRuntimeClasspath
io.netty:netty-codec:4.1.97.Final=compileClasspath,productionRuntimeClasspath,runtimeClasspath,testCompileClasspath,testRuntimeClasspath
io.netty:netty-common:4.1.97.Final=compileClasspath,productionRuntimeClasspath,runtimeClasspath,testCompileClasspath,testRuntimeClasspath
io.netty:netty-handler-proxy:4.1.97.Final=compileClasspath,productionRuntimeClasspath,runtimeClasspath,testCompileClasspath,testRuntimeClasspath
io.netty:netty-handler:4.1.97.Final=compileClasspath,productionRuntimeClasspath,runtimeClasspath,testCompileClasspath,testRuntimeClasspath
io.netty:netty-resolver-dns-classes-macos:4.1.97.Final=compileClasspath,productionRuntimeClasspath,runtimeClasspath,testCompileClasspath,testRuntimeClasspath
io.netty:netty-resolver-dns-native-macos:4.1.97.Final=compileClasspath,productionRuntimeClasspath,runtimeClasspath,testCompileClasspath,testRuntimeClasspath
io.netty:netty-resolver-dns:4.1.97.Final=compileClasspath,productionRuntimeClasspath,runtimeClasspath,testCompileClasspath,testRuntimeClasspath
io.netty:netty-resolver:4.1.97.Final=compileClasspath,productionRuntimeClasspath,runtimeClasspath,testCompileClasspath,testRuntimeClasspath
io.netty:netty-transport-classes-epoll:4.1.97.Final=compileClasspath,productionRuntimeClasspath,runtimeClasspath,testCompileClasspath,testRuntimeClasspath
io.netty:netty-transport-native-epoll:4.1.97.Final=compileClasspath,productionRuntimeClasspath,runtimeClasspath,testCompileClasspath,testRuntimeClasspath
io.netty:netty-transport-native-unix-common:4.1.97.Final=compileClasspath,productionRuntimeClasspath,runtimeClasspath,testCompileClasspath,testRuntimeClasspath
io.netty:netty-transport:4.1.97.Final=compileClasspath,productionRuntimeClasspath,runtimeClasspath,testCompileClasspath,testRuntimeClasspath
io.projectreactor.netty:reactor-netty-core:1.0.35=compileClasspath,productionRuntimeClasspath,runtimeClasspath,testCompileClasspath,testRuntimeClasspath
io.projectreactor.netty:reactor-netty-http:1.0.35=compileClasspath,productionRuntimeClasspath,runtimeClasspath,testCompileClasspath,testRuntimeClasspath
io.projectreactor:reactor-bom:2020.0.35=compileClasspath,productionRuntimeClasspath,runtimeClasspath,testCompileClasspath,testRuntimeClasspath
io.projectreactor:reactor-core:3.4.32=compileClasspath,productionRuntimeClasspath,runtimeClasspath,testCompileClasspath,testRuntimeClasspath
io.prometheus:simpleclient:0.15.0=compileClasspath,productionRuntimeClasspath,runtimeClasspath,testCompileClasspath,testRuntimeClasspath
io.prometheus:simpleclient_common:0.15.0=compileClasspath,productionRuntimeClasspath,runtimeClasspath,testCompileClasspath,testRuntimeClasspath
io.prometheus:simpleclient_tracer_common:0.15.0=compileClasspath,productionRuntimeClasspath,runtimeClasspath,testCompileClasspath,testRuntimeClasspath
io.prometheus:simpleclient_tracer_otel:0.15.0=compileClasspath,productionRuntimeClasspath,runtimeClasspath,testCompileClasspath,testRuntimeClasspath
io.prometheus:simpleclient_tracer_otel_agent:0.15.0=compileClasspath,productionRuntimeClasspath,runtimeClasspath,testCompileClasspath,testRuntimeClasspath
io.spring.javaformat:spring-javaformat-checkstyle:0.0.39=checkstyle
io.spring.javaformat:spring-javaformat-config:0.0.39=checkstyle
io.spring.nohttp:nohttp-checkstyle:0.0.11=checkstyle,nohttp
io.spring.nohttp:nohttp-cli:0.0.11=nohttp-cli
io.spring.nohttp:nohttp:0.0.11=checkstyle,nohttp,nohttp-cli
jakarta.annotation:jakarta.annotation-api:1.3.5=compileClasspath,productionRuntimeClasspath,runtimeClasspath,testCompileClasspath,testRuntimeClasspath
net.sf.saxon:Saxon-HE:10.6=checkstyle
net.sf.saxon:Saxon-HE:9.9.1-7=nohttp
org.antlr:antlr4-runtime:4.8-1=nohttp
org.antlr:antlr4-runtime:4.9.3=checkstyle
org.apache.logging.log4j:log4j-api:2.17.2=compileClasspath,productionRuntimeClasspath,runtimeClasspath,testCompileClasspath,testRuntimeClasspath
org.apache.logging.log4j:log4j-to-slf4j:2.17.2=compileClasspath,productionRuntimeClasspath,runtimeClasspath,testCompileClasspath,testRuntimeClasspath
org.checkerframework:checker-qual:2.11.1=nohttp
org.checkerframework:checker-qual:3.12.0=checkstyle
org.hdrhistogram:HdrHistogram:2.1.12=productionRuntimeClasspath,runtimeClasspath,testRuntimeClasspath
org.javassist:javassist:3.28.0-GA=checkstyle
org.junit:junit-bom:5.10.0=compileClasspath,productionRuntimeClasspath,runtimeClasspath,testCompileClasspath,testRuntimeClasspath
org.latencyutils:LatencyUtils:2.0.3=productionRuntimeClasspath,runtimeClasspath,testRuntimeClasspath
org.reactivestreams:reactive-streams:1.0.4=compileClasspath,productionRuntimeClasspath,runtimeClasspath,testCompileClasspath,testRuntimeClasspath
org.reflections:reflections:0.10.2=checkstyle
org.slf4j:jul-to-slf4j:1.7.36=compileClasspath,productionRuntimeClasspath,runtimeClasspath,testCompileClasspath,testRuntimeClasspath
org.slf4j:slf4j-api:1.7.36=compileClasspath,nohttp,nohttp-cli,productionRuntimeClasspath,runtimeClasspath,testCompileClasspath,testRuntimeClasspath
org.springframework.boot:spring-boot-actuator-autoconfigure:2.7.15=compileClasspath,productionRuntimeClasspath,runtimeClasspath,testCompileClasspath,testRuntimeClasspath
org.springframework.boot:spring-boot-actuator:2.7.15=compileClasspath,productionRuntimeClasspath,runtimeClasspath,testCompileClasspath,testRuntimeClasspath
org.springframework.boot:spring-boot-autoconfigure:2.7.15=compileClasspath,productionRuntimeClasspath,runtimeClasspath,testCompileClasspath,testRuntimeClasspath
org.springframework.boot:spring-boot-starter-actuator:2.7.15=compileClasspath,productionRuntimeClasspath,runtimeClasspath,testCompileClasspath,testRuntimeClasspath
org.springframework.boot:spring-boot-starter-json:2.7.15=compileClasspath,productionRuntimeClasspath,runtimeClasspath,testCompileClasspath,testRuntimeClasspath
org.springframework.boot:spring-boot-starter-logging:2.7.15=compileClasspath,productionRuntimeClasspath,runtimeClasspath,testCompileClasspath,testRuntimeClasspath
org.springframework.boot:spring-boot-starter-reactor-netty:2.7.15=compileClasspath,productionRuntimeClasspath,runtimeClasspath,testCompileClasspath,testRuntimeClasspath
org.springframework.boot:spring-boot-starter-webflux:2.7.15=compileClasspath,productionRuntimeClasspath,runtimeClasspath,testCompileClasspath,testRuntimeClasspath
org.springframework.boot:spring-boot-starter:2.7.15=compileClasspath,productionRuntimeClasspath,runtimeClasspath,testCompileClasspath,testRuntimeClasspath
org.springframework.boot:spring-boot:2.7.15=compileClasspath,productionRuntimeClasspath,runtimeClasspath,testCompileClasspath,testRuntimeClasspath
org.springframework:spring-aop:5.3.29=compileClasspath,productionRuntimeClasspath,runtimeClasspath,testCompileClasspath,testRuntimeClasspath
org.springframework:spring-beans:5.3.29=compileClasspath,productionRuntimeClasspath,runtimeClasspath,testCompileClasspath,testRuntimeClasspath
org.springframework:spring-context:5.3.29=compileClasspath,productionRuntimeClasspath,runtimeClasspath,testCompileClasspath,testRuntimeClasspath
org.springframework:spring-core:5.3.29=compileClasspath,productionRuntimeClasspath,runtimeClasspath,testCompileClasspath,testRuntimeClasspath
org.springframework:spring-expression:5.3.29=compileClasspath,productionRuntimeClasspath,runtimeClasspath,testCompileClasspath,testRuntimeClasspath
org.springframework:spring-jcl:5.3.29=compileClasspath,productionRuntimeClasspath,runtimeClasspath,testCompileClasspath,testRuntimeClasspath
org.springframework:spring-web:5.3.29=compileClasspath,productionRuntimeClasspath,runtimeClasspath,testCompileClasspath,testRuntimeClasspath
org.springframework:spring-webflux:5.3.29=compileClasspath,productionRuntimeClasspath,runtimeClasspath,testCompileClasspath,testRuntimeClasspath
org.yaml:snakeyaml:1.30=compileClasspath,productionRuntimeClasspath,runtimeClasspath,testCompileClasspath,testRuntimeClasspath
empty=annotationProcessor,developmentOnly,signatures,testAnnotationProcessor
