# This is a Gradle generated file for dependency locking.
# Manual edits can break the build and are not advised.
# This file is expected to be part of source control.
com.google.code.findbugs:jsr305:3.0.2
io.prometheus:simpleclient:0.10.0
io.prometheus:simpleclient_common:0.10.0
org.hdrhistogram:HdrHistogram:2.1.12
org.latencyutils:LatencyUtils:2.0.3
