# This is a Gradle generated file for dependency locking.
# Manual edits can break the build and are not advised.
# This file is expected to be part of source control.
antlr:antlr:2.7.7=checkstyle,nohttp
ch.qos.logback:logback-classic:1.2.3=checkstyle,nohttp,nohttp-cli
ch.qos.logback:logback-core:1.2.3=checkstyle,nohttp,nohttp-cli
com.github.ben-manes.caffeine:caffeine:2.9.2=testCompileClasspath,testRuntimeClasspath
com.github.tomakehurst:wiremock-jre8-standalone:2.31.0=compileClasspath,default,runtimeClasspath,testCompileClasspath,testRuntimeClasspath
com.google.code.findbugs:jsr305:3.0.2=checkstyle,compileClasspath,nohttp,runtimeClasspath,testCompileClasspath,testRuntimeClasspath
com.google.errorprone:error_prone_annotations:2.3.4=checkstyle,nohttp
com.google.errorprone:error_prone_annotations:2.5.1=testCompileClasspath,testRuntimeClasspath
com.google.guava:failureaccess:1.0.1=checkstyle,nohttp,testCompileClasspath,testRuntimeClasspath
com.google.guava:guava:29.0-jre=checkstyle,nohttp
com.google.guava:guava:30.1.1-jre=testCompileClasspath,testRuntimeClasspath
com.google.guava:listenablefuture:9999.0-empty-to-avoid-conflict-with-guava=checkstyle,nohttp,testCompileClasspath,testRuntimeClasspath
com.google.j2objc:j2objc-annotations:1.3=checkstyle,nohttp,testCompileClasspath,testRuntimeClasspath
com.hazelcast:hazelcast:5.0-BETA-2=testCompileClasspath,testRuntimeClasspath
com.puppycrawl.tools:checkstyle:8.33=checkstyle,nohttp
com.squareup.okhttp3:okhttp:5.0.0-alpha.2=testCompileClasspath,testRuntimeClasspath
com.squareup.okio:okio:2.9.0=testCompileClasspath,testRuntimeClasspath
commons-beanutils:commons-beanutils:1.9.4=checkstyle,nohttp
commons-collections:commons-collections:3.2.2=checkstyle,nohttp
commons-logging:commons-logging:1.2=nohttp
info.picocli:picocli:3.9.5=nohttp-cli
info.picocli:picocli:4.3.1=checkstyle,nohttp
io.netty:netty-buffer:4.1.68.Final=testCompileClasspath,testRuntimeClasspath
io.netty:netty-codec-dns:4.1.68.Final=testCompileClasspath,testRuntimeClasspath
io.netty:netty-codec-http2:4.1.68.Final=testCompileClasspath,testRuntimeClasspath
io.netty:netty-codec-http:4.1.68.Final=testCompileClasspath,testRuntimeClasspath
io.netty:netty-codec-socks:4.1.68.Final=testCompileClasspath,testRuntimeClasspath
io.netty:netty-codec:4.1.68.Final=testCompileClasspath,testRuntimeClasspath
io.netty:netty-common:4.1.68.Final=testCompileClasspath,testRuntimeClasspath
io.netty:netty-handler-proxy:4.1.68.Final=testCompileClasspath,testRuntimeClasspath
io.netty:netty-handler:4.1.68.Final=testCompileClasspath,testRuntimeClasspath
io.netty:netty-resolver-dns-native-macos:4.1.68.Final=testCompileClasspath,testRuntimeClasspath
io.netty:netty-resolver-dns:4.1.68.Final=testCompileClasspath,testRuntimeClasspath
io.netty:netty-resolver:4.1.68.Final=testCompileClasspath,testRuntimeClasspath
io.netty:netty-transport-native-epoll:4.1.68.Final=testCompileClasspath,testRuntimeClasspath
io.netty:netty-transport-native-unix-common:4.1.68.Final=testCompileClasspath,testRuntimeClasspath
io.netty:netty-transport:4.1.68.Final=testCompileClasspath,testRuntimeClasspath
io.projectreactor.netty:reactor-netty-core:1.0.11=testCompileClasspath,testRuntimeClasspath
io.projectreactor.netty:reactor-netty-http:1.0.11=testCompileClasspath,testRuntimeClasspath
io.projectreactor:reactor-bom:2020.0.11=compileClasspath,default,runtimeClasspath,testCompileClasspath,testRuntimeClasspath
io.projectreactor:reactor-core:3.4.10=testCompileClasspath,testRuntimeClasspath
io.spring.javaformat:spring-javaformat-checkstyle:0.0.28=checkstyle
io.spring.javaformat:spring-javaformat-config:0.0.28=checkstyle
io.spring.nohttp:nohttp-checkstyle:0.0.9=checkstyle,nohttp
io.spring.nohttp:nohttp-cli:0.0.9=nohttp-cli
io.spring.nohttp:nohttp:0.0.9=checkstyle,nohttp,nohttp-cli
javax.annotation:jsr250-api:1.0=testCompileClasspath,testRuntimeClasspath
javax.cache:cache-api:1.1.1=testCompileClasspath,testRuntimeClasspath
javax.enterprise:cdi-api:1.0-SP4=testCompileClasspath,testRuntimeClasspath
javax.inject:javax.inject:1=testCompileClasspath,testRuntimeClasspath
net.bytebuddy:byte-buddy-agent:1.11.13=compileClasspath,default,runtimeClasspath,testCompileClasspath,testRuntimeClasspath
net.bytebuddy:byte-buddy:1.11.13=compileClasspath,default,runtimeClasspath,testCompileClasspath,testRuntimeClasspath
net.sf.ehcache:ehcache:2.10.9.2=testCompileClasspath,testRuntimeClasspath
net.sf.saxon:Saxon-HE:9.9.1-7=checkstyle,nohttp
org.antlr:antlr4-runtime:4.8-1=checkstyle,nohttp
org.apiguardian:apiguardian-api:1.1.0=compileClasspath,default,runtimeClasspath,testCompileClasspath,testRuntimeClasspath
org.assertj:assertj-core:3.20.2=compileClasspath,default,runtimeClasspath,testCompileClasspath,testRuntimeClasspath
org.checkerframework:checker-qual:2.11.1=checkstyle,nohttp
org.checkerframework:checker-qual:3.10.0=testCompileClasspath,testRuntimeClasspath
org.hdrhistogram:HdrHistogram:2.1.12=compileClasspath,default,runtimeClasspath,testCompileClasspath,testRuntimeClasspath
org.jboss.spec.javax.interceptor:jboss-interceptors-api_1.1_spec:1.0.0.Beta1=testCompileClasspath,testRuntimeClasspath
org.jetbrains.kotlin:kotlin-stdlib-common:1.4.21=testCompileClasspath,testRuntimeClasspath
org.jetbrains.kotlin:kotlin-stdlib:1.4.21=testCompileClasspath,testRuntimeClasspath
org.jetbrains:annotations:13.0=testCompileClasspath,testRuntimeClasspath
org.jsr107.ri:cache-ri-impl:1.0.0=testCompileClasspath,testRuntimeClasspath
org.junit.jupiter:junit-jupiter-api:5.7.2=compileClasspath,default,runtimeClasspath,testCompileClasspath,testRuntimeClasspath
org.junit.jupiter:junit-jupiter-engine:5.7.2=default,runtimeClasspath,testRuntimeClasspath
org.junit.jupiter:junit-jupiter-params:5.7.2=compileClasspath,default,runtimeClasspath,testCompileClasspath,testRuntimeClasspath
org.junit.jupiter:junit-jupiter:5.7.2=compileClasspath,default,runtimeClasspath,testCompileClasspath,testRuntimeClasspath
org.junit.platform:junit-platform-commons:1.7.2=compileClasspath,default,runtimeClasspath,testCompileClasspath,testRuntimeClasspath
org.junit.platform:junit-platform-engine:1.7.2=default,runtimeClasspath,testRuntimeClasspath
org.junit:junit-bom:5.7.2=compileClasspath,default,runtimeClasspath,testCompileClasspath,testRuntimeClasspath
org.latencyutils:LatencyUtils:2.0.3=default,runtimeClasspath,testRuntimeClasspath
org.mockito:mockito-core:3.12.4=compileClasspath,default,runtimeClasspath,testCompileClasspath,testRuntimeClasspath
org.objenesis:objenesis:3.2=compileClasspath,default,runtimeClasspath,testCompileClasspath,testRuntimeClasspath
org.opentest4j:opentest4j:1.2.0=compileClasspath,default,runtimeClasspath,testCompileClasspath,testRuntimeClasspath
org.reactivestreams:reactive-streams:1.0.3=testCompileClasspath,testRuntimeClasspath
org.slf4j:slf4j-api:1.7.26=nohttp,nohttp-cli
org.slf4j:slf4j-api:1.7.32=testCompileClasspath,testRuntimeClasspath
ru.lanwen.wiremock:wiremock-junit5:1.3.1=compileClasspath,default,runtimeClasspath,testCompileClasspath,testRuntimeClasspath
empty=annotationProcessor,archives,signatures,testAnnotationProcessor
