# This is a Gradle generated file for dependency locking.
# Manual edits can break the build and are not advised.
# This file is expected to be part of source control.
antlr:antlr:2.7.7=nohttp
ch.qos.logback:logback-classic:1.2.3=checkstyle,nohttp,nohttp-cli
ch.qos.logback:logback-core:1.2.3=checkstyle,nohttp,nohttp-cli
com.github.ben-manes.caffeine:caffeine:2.9.3=testCompileClasspath,testRuntimeClasspath
com.github.tomakehurst:wiremock-jre8-standalone:2.33.2=compileClasspath,default,runtimeClasspath,testCompileClasspath,testRuntimeClasspath
com.google.code.findbugs:jsr305:3.0.2=checkstyle,compileClasspath,nohttp,runtimeClasspath,testCompileClasspath,testRuntimeClasspath
com.google.errorprone:error_prone_annotations:2.11.0=testCompileClasspath,testRuntimeClasspath
com.google.errorprone:error_prone_annotations:2.3.4=nohttp
com.google.errorprone:error_prone_annotations:2.7.1=checkstyle
com.google.guava:failureaccess:1.0.1=checkstyle,nohttp,testCompileClasspath,testRuntimeClasspath
com.google.guava:guava:29.0-jre=nohttp
com.google.guava:guava:31.0.1-jre=checkstyle
com.google.guava:guava:31.1-jre=testCompileClasspath,testRuntimeClasspath
com.google.guava:listenablefuture:9999.0-empty-to-avoid-conflict-with-guava=checkstyle,nohttp,testCompileClasspath,testRuntimeClasspath
com.google.j2objc:j2objc-annotations:1.3=checkstyle,nohttp,testCompileClasspath,testRuntimeClasspath
com.hazelcast:hazelcast:5.1.1=testCompileClasspath,testRuntimeClasspath
com.puppycrawl.tools:checkstyle:8.33=nohttp
com.puppycrawl.tools:checkstyle:9.0.1=checkstyle
com.squareup.okhttp3:okhttp-jvm:5.0.0-alpha.6=testCompileClasspath,testRuntimeClasspath
com.squareup.okhttp3:okhttp:5.0.0-alpha.6=testCompileClasspath,testRuntimeClasspath
com.squareup.okio:okio-jvm:3.0.0=testCompileClasspath,testRuntimeClasspath
com.squareup.okio:okio:3.0.0=testCompileClasspath,testRuntimeClasspath
commons-beanutils:commons-beanutils:1.9.4=checkstyle,nohttp
commons-codec:commons-codec:1.11=testCompileClasspath,testRuntimeClasspath
commons-collections:commons-collections:3.2.2=checkstyle,nohttp
commons-logging:commons-logging:1.2=nohttp,testCompileClasspath,testRuntimeClasspath
info.picocli:picocli:3.9.5=nohttp-cli
info.picocli:picocli:4.3.1=nohttp
info.picocli:picocli:4.6.1=checkstyle
io.projectreactor:reactor-bom:2020.0.20=compileClasspath,default,runtimeClasspath,testCompileClasspath,testRuntimeClasspath
io.spring.javaformat:spring-javaformat-checkstyle:0.0.31=checkstyle
io.spring.javaformat:spring-javaformat-config:0.0.31=checkstyle
io.spring.nohttp:nohttp-checkstyle:0.0.10=checkstyle,nohttp
io.spring.nohttp:nohttp-cli:0.0.10=nohttp-cli
io.spring.nohttp:nohttp:0.0.10=checkstyle,nohttp,nohttp-cli
javax.annotation:jsr250-api:1.0=testCompileClasspath,testRuntimeClasspath
javax.cache:cache-api:1.1.1=testCompileClasspath,testRuntimeClasspath
javax.enterprise:cdi-api:1.0-SP4=testCompileClasspath,testRuntimeClasspath
javax.inject:javax.inject:1=testCompileClasspath,testRuntimeClasspath
net.bytebuddy:byte-buddy-agent:1.12.9=compileClasspath,default,runtimeClasspath,testCompileClasspath,testRuntimeClasspath
net.bytebuddy:byte-buddy:1.12.9=compileClasspath,default,runtimeClasspath,testCompileClasspath,testRuntimeClasspath
net.sf.ehcache:ehcache:2.10.9.2=testCompileClasspath,testRuntimeClasspath
net.sf.saxon:Saxon-HE:10.6=checkstyle
net.sf.saxon:Saxon-HE:9.9.1-7=nohttp
org.antlr:antlr4-runtime:4.8-1=nohttp
org.antlr:antlr4-runtime:4.9.2=checkstyle
org.apache.httpcomponents:httpclient:4.5.13=testCompileClasspath,testRuntimeClasspath
org.apache.httpcomponents:httpcore:4.4.13=testCompileClasspath,testRuntimeClasspath
org.apiguardian:apiguardian-api:1.1.2=compileClasspath,testCompileClasspath
org.assertj:assertj-core:3.22.0=compileClasspath,default,runtimeClasspath,testCompileClasspath,testRuntimeClasspath
org.checkerframework:checker-qual:2.11.1=nohttp
org.checkerframework:checker-qual:3.12.0=checkstyle
org.checkerframework:checker-qual:3.19.0=testCompileClasspath,testRuntimeClasspath
org.eclipse.jetty:jetty-client:9.4.48.v20220622=testCompileClasspath,testRuntimeClasspath
org.eclipse.jetty:jetty-http:9.4.48.v20220622=testCompileClasspath,testRuntimeClasspath
org.eclipse.jetty:jetty-io:9.4.48.v20220622=testCompileClasspath,testRuntimeClasspath
org.eclipse.jetty:jetty-util:9.4.48.v20220622=testCompileClasspath,testRuntimeClasspath
org.hdrhistogram:HdrHistogram:2.1.12=compileClasspath,default,runtimeClasspath,testCompileClasspath,testRuntimeClasspath
org.javassist:javassist:3.26.0-GA=checkstyle
org.jboss.spec.javax.interceptor:jboss-interceptors-api_1.1_spec:1.0.0.Beta1=testCompileClasspath,testRuntimeClasspath
org.jetbrains.kotlin:kotlin-stdlib-common:1.6.10=testCompileClasspath,testRuntimeClasspath
org.jetbrains.kotlin:kotlin-stdlib-jdk7:1.5.31=testCompileClasspath,testRuntimeClasspath
org.jetbrains.kotlin:kotlin-stdlib-jdk8:1.5.31=testCompileClasspath,testRuntimeClasspath
org.jetbrains.kotlin:kotlin-stdlib:1.6.10=testCompileClasspath,testRuntimeClasspath
org.jetbrains:annotations:13.0=testCompileClasspath,testRuntimeClasspath
org.jsr107.ri:cache-ri-impl:1.0.0=testCompileClasspath,testRuntimeClasspath
org.junit.jupiter:junit-jupiter-api:5.8.2=compileClasspath,default,runtimeClasspath,testCompileClasspath,testRuntimeClasspath
org.junit.jupiter:junit-jupiter-engine:5.8.2=default,runtimeClasspath,testRuntimeClasspath
org.junit.jupiter:junit-jupiter-params:5.8.2=compileClasspath,default,runtimeClasspath,testCompileClasspath,testRuntimeClasspath
org.junit.jupiter:junit-jupiter:5.8.2=compileClasspath,default,runtimeClasspath,testCompileClasspath,testRuntimeClasspath
org.junit.platform:junit-platform-commons:1.8.2=compileClasspath,default,runtimeClasspath,testCompileClasspath,testRuntimeClasspath
org.junit.platform:junit-platform-engine:1.8.2=default,runtimeClasspath,testRuntimeClasspath
org.junit:junit-bom:5.8.2=compileClasspath,default,runtimeClasspath,testCompileClasspath,testRuntimeClasspath
org.latencyutils:LatencyUtils:2.0.3=default,runtimeClasspath,testRuntimeClasspath
org.mockito:mockito-core:4.5.1=compileClasspath,default,runtimeClasspath,testCompileClasspath,testRuntimeClasspath
org.objenesis:objenesis:3.2=default,runtimeClasspath,testRuntimeClasspath
org.opentest4j:opentest4j:1.2.0=compileClasspath,default,runtimeClasspath,testCompileClasspath,testRuntimeClasspath
org.reflections:reflections:0.9.12=checkstyle
org.slf4j:slf4j-api:1.7.26=nohttp,nohttp-cli
org.slf4j:slf4j-api:1.7.36=testCompileClasspath,testRuntimeClasspath
ru.lanwen.wiremock:wiremock-junit5:1.3.1=compileClasspath,default,runtimeClasspath,testCompileClasspath,testRuntimeClasspath
empty=annotationProcessor,archives,signatures,testAnnotationProcessor
