# This is a Gradle generated file for dependency locking.
# Manual edits can break the build and are not advised.
# This file is expected to be part of source control.
com.google.code.findbugs:jsr305:3.0.2
com.microsoft.azure:applicationinsights-core:2.6.1-BETA
org.hdrhistogram:HdrHistogram:2.1.12
org.slf4j:slf4j-api:1.7.30
