# This is a Gradle generated file for dependency locking.
# Manual edits can break the build and are not advised.
# This file is expected to be part of source control.
com.fasterxml.jackson.core:jackson-annotations:2.12.3
com.fasterxml.jackson.core:jackson-core:2.12.3
com.fasterxml.jackson.core:jackson-databind:2.12.3
com.fasterxml.jackson:jackson-bom:2.12.3
com.typesafe.netty:netty-reactive-streams-http:2.0.5
com.typesafe.netty:netty-reactive-streams:2.0.5
commons-codec:commons-codec:1.11
commons-logging:commons-logging:1.2
io.netty:netty-buffer:4.1.63.Final
io.netty:netty-codec-http2:4.1.63.Final
io.netty:netty-codec-http:4.1.63.Final
io.netty:netty-codec:4.1.63.Final
io.netty:netty-common:4.1.63.Final
io.netty:netty-handler:4.1.63.Final
io.netty:netty-resolver:4.1.63.Final
io.netty:netty-transport-native-epoll:4.1.63.Final
io.netty:netty-transport-native-unix-common:4.1.63.Final
io.netty:netty-transport:4.1.63.Final
org.apache.httpcomponents:httpclient:4.5.13
org.apache.httpcomponents:httpcore:4.4.13
org.hdrhistogram:HdrHistogram:2.1.12
org.latencyutils:LatencyUtils:2.0.3
org.reactivestreams:reactive-streams:1.0.3
org.slf4j:slf4j-api:1.7.30
software.amazon.awssdk:annotations:2.16.61
software.amazon.awssdk:apache-client:2.16.61
software.amazon.awssdk:auth:2.16.61
software.amazon.awssdk:aws-core:2.16.61
software.amazon.awssdk:aws-query-protocol:2.16.61
software.amazon.awssdk:cloudwatch:2.16.61
software.amazon.awssdk:http-client-spi:2.16.61
software.amazon.awssdk:metrics-spi:2.16.61
software.amazon.awssdk:netty-nio-client:2.16.61
software.amazon.awssdk:profiles:2.16.61
software.amazon.awssdk:protocol-core:2.16.61
software.amazon.awssdk:regions:2.16.61
software.amazon.awssdk:sdk-core:2.16.61
software.amazon.awssdk:utils:2.16.61
software.amazon.eventstream:eventstream:1.0.1
